// !$*UTF8*$!
{
	archiveVersion = 1;
	classes = {
	};
	objectVersion = 50;
	objects = {

/* Begin PBXBuildFile section */
		6357E8E9251D137300F9AE3F /* AppDelegate.swift in Sources */ = {isa = PBXBuildFile; fileRef = 6357E8E8251D137300F9AE3F /* AppDelegate.swift */; };
		6357E8EB251D137300F9AE3F /* SceneDelegate.swift in Sources */ = {isa = PBXBuildFile; fileRef = 6357E8EA251D137300F9AE3F /* SceneDelegate.swift */; };
		6357E8ED251D137300F9AE3F /* ViewController.swift in Sources */ = {isa = PBXBuildFile; fileRef = 6357E8EC251D137300F9AE3F /* ViewController.swift */; };
		6357E8F0251D137300F9AE3F /* Main.storyboard in Resources */ = {isa = PBXBuildFile; fileRef = 6357E8EE251D137300F9AE3F /* Main.storyboard */; };
		6357E8F2251D137400F9AE3F /* Assets.xcassets in Resources */ = {isa = PBXBuildFile; fileRef = 6357E8F1251D137400F9AE3F /* Assets.xcassets */; };
		6357E8F5251D137400F9AE3F /* LaunchScreen.storyboard in Resources */ = {isa = PBXBuildFile; fileRef = 6357E8F3251D137400F9AE3F /* LaunchScreen.storyboard */; };
/* End PBXBuildFile section */

/* Begin PBXFileReference section */
		6357E8E5251D137300F9AE3F /* LoadViewControllersXIB.app */ = {isa = PBXFileReference; explicitFileType = wrapper.application; includeInIndex = 0; path = LoadViewControllersXIB.app; sourceTree = BUILT_PRODUCTS_DIR; };
		6357E8E8251D137300F9AE3F /* AppDelegate.swift */ = {isa = PBXFileReference; lastKnownFileType = sourcecode.swift; path = AppDelegate.swift; sourceTree = "<group>"; };
		6357E8EA251D137300F9AE3F /* SceneDelegate.swift */ = {isa = PBXFileReference; lastKnownFileType = sourcecode.swift; path = SceneDelegate.swift; sourceTree = "<group>"; };
		6357E8EC251D137300F9AE3F /* ViewController.swift */ = {isa = PBXFileReference; lastKnownFileType = sourcecode.swift; path = ViewController.swift; sourceTree = "<group>"; };
		6357E8EF251D137300F9AE3F /* Base */ = {isa = PBXFileReference; lastKnownFileType = file.storyboard; name = Base; path = Base.lproj/Main.storyboard; sourceTree = "<group>"; };
		6357E8F1251D137400F9AE3F /* Assets.xcassets */ = {isa = PBXFileReference; lastKnownFileType = folder.assetcatalog; path = Assets.xcassets; sourceTree = "<group>"; };
		6357E8F4251D137400F9AE3F /* Base */ = {isa = PBXFileReference; lastKnownFileType = file.storyboard; name = Base; path = Base.lproj/LaunchScreen.storyboard; sourceTree = "<group>"; };
		6357E8F6251D137400F9AE3F /* Info.plist */ = {isa = PBXFileReference; lastKnownFileType = text.plist.xml; path = Info.plist; sourceTree = "<group>"; };
/* End PBXFileReference section */

/* Begin PBXFrameworksBuildPhase section */
		6357E8E2251D137300F9AE3F /* Frameworks */ = {
			isa = PBXFrameworksBuildPhase;
			buildActionMask = 2147483647;
			files = (
			);
			runOnlyForDeploymentPostprocessing = 0;
		};
/* End PBXFrameworksBuildPhase section */

/* Begin PBXGroup section */
		6357E8DC251D137300F9AE3F = {
			isa = PBXGroup;
			children = (
				6357E8E7251D137300F9AE3F /* LoadViewControllersXIB */,
				6357E8E6251D137300F9AE3F /* Products */,
			);
			sourceTree = "<group>";
		};
		6357E8E6251D137300F9AE3F /* Products */ = {
			isa = PBXGroup;
			children = (
				6357E8E5251D137300F9AE3F /* LoadViewControllersXIB.app */,
			);
			name = Products;
			sourceTree = "<group>";
		};
		6357E8E7251D137300F9AE3F /* LoadViewControllersXIB */ = {
			isa = PBXGroup;
			children = (
				6357E901251D13A000F9AE3F /* View */,
				6357E900251D139700F9AE3F /* Controller */,
				6357E8FD251D137C00F9AE3F /* Support */,
			);
			path = LoadViewControllersXIB;
			sourceTree = "<group>";
		};
		6357E8FD251D137C00F9AE3F /* Support */ = {
			isa = PBXGroup;
			children = (
				6357E8FF251D138A00F9AE3F /* App Lifecycle */,
				6357E8F1251D137400F9AE3F /* Assets.xcassets */,
				6357E8F6251D137400F9AE3F /* Info.plist */,
			);
			path = Support;
			sourceTree = "<group>";
		};
		6357E8FF251D138A00F9AE3F /* App Lifecycle */ = {
			isa = PBXGroup;
			children = (
				6357E8E8251D137300F9AE3F /* AppDelegate.swift */,
				6357E8EA251D137300F9AE3F /* SceneDelegate.swift */,
			);
			path = "App Lifecycle";
			sourceTree = "<group>";
		};
		6357E900251D139700F9AE3F /* Controller */ = {
			isa = PBXGroup;
			children = (
				6357E8EC251D137300F9AE3F /* ViewController.swift */,
			);
			path = Controller;
			sourceTree = "<group>";
		};
		6357E901251D13A000F9AE3F /* View */ = {
			isa = PBXGroup;
			children = (
				6357E902251D13A500F9AE3F /* Storyboards */,
			);
			path = View;
			sourceTree = "<group>";
		};
		6357E902251D13A500F9AE3F /* Storyboards */ = {
			isa = PBXGroup;
			children = (
				6357E8EE251D137300F9AE3F /* Main.storyboard */,
				6357E8F3251D137400F9AE3F /* LaunchScreen.storyboard */,
			);
			path = Storyboards;
			sourceTree = "<group>";
		};
/* End PBXGroup section */

/* Begin PBXNativeTarget section */
		6357E8E4251D137300F9AE3F /* LoadViewControllersXIB */ = {
			isa = PBXNativeTarget;
			buildConfigurationList = 6357E8F9251D137400F9AE3F /* Build configuration list for PBXNativeTarget "LoadViewControllersXIB" */;
			buildPhases = (
				6357E8E1251D137300F9AE3F /* Sources */,
				6357E8E2251D137300F9AE3F /* Frameworks */,
				6357E8E3251D137300F9AE3F /* Resources */,
			);
			buildRules = (
			);
			dependencies = (
			);
			name = LoadViewControllersXIB;
			productName = LoadViewControllersXIB;
			productReference = 6357E8E5251D137300F9AE3F /* LoadViewControllersXIB.app */;
			productType = "com.apple.product-type.application";
		};
/* End PBXNativeTarget section */

/* Begin PBXProject section */
		6357E8DD251D137300F9AE3F /* Project object */ = {
			isa = PBXProject;
			attributes = {
				LastSwiftUpdateCheck = 1200;
				LastUpgradeCheck = 1200;
				TargetAttributes = {
					6357E8E4251D137300F9AE3F = {
						CreatedOnToolsVersion = 12.0;
					};
				};
			};
			buildConfigurationList = 6357E8E0251D137300F9AE3F /* Build configuration list for PBXProject "LoadViewControllersXIB" */;
			compatibilityVersion = "Xcode 9.3";
			developmentRegion = en;
			hasScannedForEncodings = 0;
			knownRegions = (
				en,
				Base,
			);
			mainGroup = 6357E8DC251D137300F9AE3F;
			productRefGroup = 6357E8E6251D137300F9AE3F /* Products */;
			projectDirPath = "";
			projectRoot = "";
			targets = (
				6357E8E4251D137300F9AE3F /* LoadViewControllersXIB */,
			);
		};
/* End PBXProject section */

/* Begin PBXResourcesBuildPhase section */
		6357E8E3251D137300F9AE3F /* Resources */ = {
			isa = PBXResourcesBuildPhase;
			buildActionMask = 2147483647;
			files = (
				6357E8F5251D137400F9AE3F /* LaunchScreen.storyboard in Resources */,
				6357E8F2251D137400F9AE3F /* Assets.xcassets in Resources */,
				6357E8F0251D137300F9AE3F /* Main.storyboard in Resources */,
			);
			runOnlyForDeploymentPostprocessing = 0;
		};
/* End PBXResourcesBuildPhase section */

/* Begin PBXSourcesBuildPhase section */
		6357E8E1251D137300F9AE3F /* Sources */ = {
			isa = PBXSourcesBuildPhase;
			buildActionMask = 2147483647;
			files = (
				6357E8ED251D137300F9AE3F /* ViewController.swift in Sources */,
				6357E8E9251D137300F9AE3F /* AppDelegate.swift in Sources */,
				6357E8EB251D137300F9AE3F /* SceneDelegate.swift in Sources */,
			);
			runOnlyForDeploymentPostprocessing = 0;
		};
/* End PBXSourcesBuildPhase section */

/* Begin PBXVariantGroup section */
		6357E8EE251D137300F9AE3F /* Main.storyboard */ = {
			isa = PBXVariantGroup;
			children = (
				6357E8EF251D137300F9AE3F /* Base */,
			);
			name = Main.storyboard;
			sourceTree = "<group>";
		};
		6357E8F3251D137400F9AE3F /* LaunchScreen.storyboard */ = {
			isa = PBXVariantGroup;
			children = (
				6357E8F4251D137400F9AE3F /* Base */,
			);
			name = LaunchScreen.storyboard;
			sourceTree = "<group>";
		};
/* End PBXVariantGroup section */

/* Begin XCBuildConfiguration section */
		6357E8F7251D137400F9AE3F /* Debug */ = {
			isa = XCBuildConfiguration;
			buildSettings = {
				ALWAYS_SEARCH_USER_PATHS = NO;
				CLANG_ANALYZER_NONNULL = YES;
				CLANG_ANALYZER_NUMBER_OBJECT_CONVERSION = YES_AGGRESSIVE;
				CLANG_CXX_LANGUAGE_STANDARD = "gnu++14";
				CLANG_CXX_LIBRARY = "libc++";
				CLANG_ENABLE_MODULES = YES;
				CLANG_ENABLE_OBJC_ARC = YES;
				CLANG_ENABLE_OBJC_WEAK = YES;
				CLANG_WARN_BLOCK_CAPTURE_AUTORELEASING = YES;
				CLANG_WARN_BOOL_CONVERSION = YES;
				CLANG_WARN_COMMA = YES;
				CLANG_WARN_CONSTANT_CONVERSION = YES;
				CLANG_WARN_DEPRECATED_OBJC_IMPLEMENTATIONS = YES;
				CLANG_WARN_DIRECT_OBJC_ISA_USAGE = YES_ERROR;
				CLANG_WARN_DOCUMENTATION_COMMENTS = YES;
				CLANG_WARN_EMPTY_BODY = YES;
				CLANG_WARN_ENUM_CONVERSION = YES;
				CLANG_WARN_INFINITE_RECURSION = YES;
				CLANG_WARN_INT_CONVERSION = YES;
				CLANG_WARN_NON_LITERAL_NULL_CONVERSION = YES;
				CLANG_WARN_OBJC_IMPLICIT_RETAIN_SELF = YES;
				CLANG_WARN_OBJC_LITERAL_CONVERSION = YES;
				CLANG_WARN_OBJC_ROOT_CLASS = YES_ERROR;
				CLANG_WARN_QUOTED_INCLUDE_IN_FRAMEWORK_HEADER = YES;
				CLANG_WARN_RANGE_LOOP_ANALYSIS = YES;
				CLANG_WARN_STRICT_PROTOTYPES = YES;
				CLANG_WARN_SUSPICIOUS_MOVE = YES;
				CLANG_WARN_UNGUARDED_AVAILABILITY = YES_AGGRESSIVE;
				CLANG_WARN_UNREACHABLE_CODE = YES;
				CLANG_WARN__DUPLICATE_METHOD_MATCH = YES;
				COPY_PHASE_STRIP = NO;
				DEBUG_INFORMATION_FORMAT = dwarf;
				ENABLE_STRICT_OBJC_MSGSEND = YES;
				ENABLE_TESTABILITY = YES;
				GCC_C_LANGUAGE_STANDARD = gnu11;
				GCC_DYNAMIC_NO_PIC = NO;
				GCC_NO_COMMON_BLOCKS = YES;
				GCC_OPTIMIZATION_LEVEL = 0;
				GCC_PREPROCESSOR_DEFINITIONS = (
					"DEBUG=1",
					"$(inherited)",
				);
				GCC_WARN_64_TO_32_BIT_CONVERSION = YES;
				GCC_WARN_ABOUT_RETURN_TYPE = YES_ERROR;
				GCC_WARN_UNDECLARED_SELECTOR = YES;
				GCC_WARN_UNINITIALIZED_AUTOS = YES_AGGRESSIVE;
				GCC_WARN_UNUSED_FUNCTION = YES;
				GCC_WARN_UNUSED_VARIABLE = YES;
				IPHONEOS_DEPLOYMENT_TARGET = 14.0;
				MTL_ENABLE_DEBUG_INFO = INCLUDE_SOURCE;
				MTL_FAST_MATH = YES;
				ONLY_ACTIVE_ARCH = YES;
				SDKROOT = iphoneos;
				SWIFT_ACTIVE_COMPILATION_CONDITIONS = DEBUG;
				SWIFT_OPTIMIZATION_LEVEL = "-Onone";
			};
			name = Debug;
		};
		6357E8F8251D137400F9AE3F /* Release */ = {
			isa = XCBuildConfiguration;
			buildSettings = {
				ALWAYS_SEARCH_USER_PATHS = NO;
				CLANG_ANALYZER_NONNULL = YES;
				CLANG_ANALYZER_NUMBER_OBJECT_CONVERSION = YES_AGGRESSIVE;
				CLANG_CXX_LANGUAGE_STANDARD = "gnu++14";
				CLANG_CXX_LIBRARY = "libc++";
				CLANG_ENABLE_MODULES = YES;
				CLANG_ENABLE_OBJC_ARC = YES;
				CLANG_ENABLE_OBJC_WEAK = YES;
				CLANG_WARN_BLOCK_CAPTURE_AUTORELEASING = YES;
				CLANG_WARN_BOOL_CONVERSION = YES;
				CLANG_WARN_COMMA = YES;
				CLANG_WARN_CONSTANT_CONVERSION = YES;
				CLANG_WARN_DEPRECATED_OBJC_IMPLEMENTATIONS = YES;
				CLANG_WARN_DIRECT_OBJC_ISA_USAGE = YES_ERROR;
				CLANG_WARN_DOCUMENTATION_COMMENTS = YES;
				CLANG_WARN_EMPTY_BODY = YES;
				CLANG_WARN_ENUM_CONVERSION = YES;
				CLANG_WARN_INFINITE_RECURSION = YES;
				CLANG_WARN_INT_CONVERSION = YES;
				CLANG_WARN_NON_LITERAL_NULL_CONVERSION = YES;
				CLANG_WARN_OBJC_IMPLICIT_RETAIN_SELF = YES;
				CLANG_WARN_OBJC_LITERAL_CONVERSION = YES;
				CLANG_WARN_OBJC_ROOT_CLASS = YES_ERROR;
				CLANG_WARN_QUOTED_INCLUDE_IN_FRAMEWORK_HEADER = YES;
				CLANG_WARN_RANGE_LOOP_ANALYSIS = YES;
				CLANG_WARN_STRICT_PROTOTYPES = YES;
				CLANG_WARN_SUSPICIOUS_MOVE = YES;
				CLANG_WARN_UNGUARDED_AVAILABILITY = YES_AGGRESSIVE;
				CLANG_WARN_UNREACHABLE_CODE = YES;
				CLANG_WARN__DUPLICATE_METHOD_MATCH = YES;
				COPY_PHASE_STRIP = NO;
				DEBUG_INFORMATION_FORMAT = "dwarf-with-dsym";
				ENABLE_NS_ASSERTIONS = NO;
				ENABLE_STRICT_OBJC_MSGSEND = YES;
				GCC_C_LANGUAGE_STANDARD = gnu11;
				GCC_NO_COMMON_BLOCKS = YES;
				GCC_WARN_64_TO_32_BIT_CONVERSION = YES;
				GCC_WARN_ABOUT_RETURN_TYPE = YES_ERROR;
				GCC_WARN_UNDECLARED_SELECTOR = YES;
				GCC_WARN_UNINITIALIZED_AUTOS = YES_AGGRESSIVE;
				GCC_WARN_UNUSED_FUNCTION = YES;
				GCC_WARN_UNUSED_VARIABLE = YES;
				IPHONEOS_DEPLOYMENT_TARGET = 14.0;
				MTL_ENABLE_DEBUG_INFO = NO;
				MTL_FAST_MATH = YES;
				SDKROOT = iphoneos;
				SWIFT_COMPILATION_MODE = wholemodule;
				SWIFT_OPTIMIZATION_LEVEL = "-O";
				VALIDATE_PRODUCT = YES;
			};
			name = Release;
		};
		6357E8FA251D137400F9AE3F /* Debug */ = {
			isa = XCBuildConfiguration;
			buildSettings = {
				ASSETCATALOG_COMPILER_APPICON_NAME = AppIcon;
				ASSETCATALOG_COMPILER_GLOBAL_ACCENT_COLOR_NAME = AccentColor;
				CODE_SIGN_STYLE = Automatic;
				DEVELOPMENT_TEAM = P7DFWNNEL3;
				INFOPLIST_FILE = LoadViewControllersXIB/Info.plist;
				LD_RUNPATH_SEARCH_PATHS = (
					"$(inherited)",
					"@executable_path/Frameworks",
				);
				PRODUCT_BUNDLE_IDENTIFIER = io.github.chadarutherford.LoadViewControllersXIB;
				PRODUCT_NAME = "$(TARGET_NAME)";
				SWIFT_VERSION = 5.0;
				TARGETED_DEVICE_FAMILY = "1,2";
			};
			name = Debug;
		};
		6357E8FB251D137400F9AE3F /* Release */ = {
			isa = XCBuildConfiguration;
			buildSettings = {
				ASSETCATALOG_COMPILER_APPICON_NAME = AppIcon;
				ASSETCATALOG_COMPILER_GLOBAL_ACCENT_COLOR_NAME = AccentColor;
				CODE_SIGN_STYLE = Automatic;
				DEVELOPMENT_TEAM = P7DFWNNEL3;
				INFOPLIST_FILE = LoadViewControllersXIB/Info.plist;
				LD_RUNPATH_SEARCH_PATHS = (
					"$(inherited)",
					"@executable_path/Frameworks",
				);
				PRODUCT_BUNDLE_IDENTIFIER = io.github.chadarutherford.LoadViewControllersXIB;
				PRODUCT_NAME = "$(TARGET_NAME)";
				SWIFT_VERSION = 5.0;
				TARGETED_DEVICE_FAMILY = "1,2";
			};
			name = Release;
		};
/* End XCBuildConfiguration section */

/* Begin XCConfigurationList section */
		6357E8E0251D137300F9AE3F /* Build configuration list for PBXProject "LoadViewControllersXIB" */ = {
			isa = XCConfigurationList;
			buildConfigurations = (
				6357E8F7251D137400F9AE3F /* Debug */,
				6357E8F8251D137400F9AE3F /* Release */,
			);
			defaultConfigurationIsVisible = 0;
			defaultConfigurationName = Release;
		};
		6357E8F9251D137400F9AE3F /* Build configuration list for PBXNativeTarget "LoadViewControllersXIB" */ = {
			isa = XCConfigurationList;
			buildConfigurations = (
				6357E8FA251D137400F9AE3F /* Debug */,
				6357E8FB251D137400F9AE3F /* Release */,
			);
			defaultConfigurationIsVisible = 0;
			defaultConfigurationName = Release;
		};
/* End XCConfigurationList section */
	};
	rootObject = 6357E8DD251D137300F9AE3F /* Project object */;
}
