// !$*UTF8*$!
{
	archiveVersion = 1;
	classes = {
	};
	objectVersion = 50;
	objects = {

/* Begin PBXBuildFile section */
		63D904C1252393AA003A9BD2 /* AppDelegate.swift in Sources */ = {isa = PBXBuildFile; fileRef = 63D904C0252393AA003A9BD2 /* AppDelegate.swift */; };
		63D904C3252393AA003A9BD2 /* SceneDelegate.swift in Sources */ = {isa = PBXBuildFile; fileRef = 63D904C2252393AA003A9BD2 /* SceneDelegate.swift */; };
		63D904C5252393AA003A9BD2 /* ViewController.swift in Sources */ = {isa = PBXBuildFile; fileRef = 63D904C4252393AA003A9BD2 /* ViewController.swift */; };
		63D904C8252393AA003A9BD2 /* Main.storyboard in Resources */ = {isa = PBXBuildFile; fileRef = 63D904C6252393AA003A9BD2 /* Main.storyboard */; };
		63D904CA252393AB003A9BD2 /* Assets.xcassets in Resources */ = {isa = PBXBuildFile; fileRef = 63D904C9252393AB003A9BD2 /* Assets.xcassets */; };
		63D904CD252393AB003A9BD2 /* LaunchScreen.storyboard in Resources */ = {isa = PBXBuildFile; fileRef = 63D904CB252393AB003A9BD2 /* LaunchScreen.storyboard */; };
/* End PBXBuildFile section */

/* Begin PBXContainerItemProxy section */
		63D904DE25239412003A9BD2 /* PBXContainerItemProxy */ = {
			isa = PBXContainerItemProxy;
			containerPortal = 63D904B5252393AA003A9BD2 /* Project object */;
			proxyType = 1;
			remoteGlobalIDString = 63D904BC252393AA003A9BD2;
			remoteInfo = Snapshot;
		};
/* End PBXContainerItemProxy section */

/* Begin PBXFileReference section */
		63D904BD252393AA003A9BD2 /* Snapshot.app */ = {isa = PBXFileReference; explicitFileType = wrapper.application; includeInIndex = 0; path = Snapshot.app; sourceTree = BUILT_PRODUCTS_DIR; };
		63D904C0252393AA003A9BD2 /* AppDelegate.swift */ = {isa = PBXFileReference; lastKnownFileType = sourcecode.swift; path = AppDelegate.swift; sourceTree = "<group>"; };
		63D904C2252393AA003A9BD2 /* SceneDelegate.swift */ = {isa = PBXFileReference; lastKnownFileType = sourcecode.swift; path = SceneDelegate.swift; sourceTree = "<group>"; };
		63D904C4252393AA003A9BD2 /* ViewController.swift */ = {isa = PBXFileReference; lastKnownFileType = sourcecode.swift; path = ViewController.swift; sourceTree = "<group>"; };
		63D904C7252393AA003A9BD2 /* Base */ = {isa = PBXFileReference; lastKnownFileType = file.storyboard; name = Base; path = Base.lproj/Main.storyboard; sourceTree = "<group>"; };
		63D904C9252393AB003A9BD2 /* Assets.xcassets */ = {isa = PBXFileReference; lastKnownFileType = folder.assetcatalog; path = Assets.xcassets; sourceTree = "<group>"; };
		63D904CC252393AB003A9BD2 /* Base */ = {isa = PBXFileReference; lastKnownFileType = file.storyboard; name = Base; path = Base.lproj/LaunchScreen.storyboard; sourceTree = "<group>"; };
		63D904CE252393AB003A9BD2 /* Info.plist */ = {isa = PBXFileReference; lastKnownFileType = text.plist.xml; path = Info.plist; sourceTree = "<group>"; };
		63D904D925239412003A9BD2 /* SnapshotTests.xctest */ = {isa = PBXFileReference; explicitFileType = wrapper.cfbundle; includeInIndex = 0; path = SnapshotTests.xctest; sourceTree = BUILT_PRODUCTS_DIR; };
		63D904DD25239412003A9BD2 /* Info.plist */ = {isa = PBXFileReference; lastKnownFileType = text.plist.xml; path = Info.plist; sourceTree = "<group>"; };
/* End PBXFileReference section */

/* Begin PBXFrameworksBuildPhase section */
		63D904BA252393AA003A9BD2 /* Frameworks */ = {
			isa = PBXFrameworksBuildPhase;
			buildActionMask = 2147483647;
			files = (
			);
			runOnlyForDeploymentPostprocessing = 0;
		};
		63D904D625239412003A9BD2 /* Frameworks */ = {
			isa = PBXFrameworksBuildPhase;
			buildActionMask = 2147483647;
			files = (
			);
			runOnlyForDeploymentPostprocessing = 0;
		};
/* End PBXFrameworksBuildPhase section */

/* Begin PBXGroup section */
		63D904B4252393AA003A9BD2 = {
			isa = PBXGroup;
			children = (
				63D904BF252393AA003A9BD2 /* Snapshot */,
				63D904DA25239412003A9BD2 /* SnapshotTests */,
				63D904BE252393AA003A9BD2 /* Products */,
			);
			sourceTree = "<group>";
		};
		63D904BE252393AA003A9BD2 /* Products */ = {
			isa = PBXGroup;
			children = (
				63D904BD252393AA003A9BD2 /* Snapshot.app */,
				63D904D925239412003A9BD2 /* SnapshotTests.xctest */,
			);
			name = Products;
			sourceTree = "<group>";
		};
		63D904BF252393AA003A9BD2 /* Snapshot */ = {
			isa = PBXGroup;
			children = (
				63D904EA2523944D003A9BD2 /* View */,
				63D904E925239444003A9BD2 /* Controller */,
				63D904E52523942C003A9BD2 /* Support */,
			);
			path = Snapshot;
			sourceTree = "<group>";
		};
		63D904DA25239412003A9BD2 /* SnapshotTests */ = {
			isa = PBXGroup;
			children = (
				63D904DD25239412003A9BD2 /* Info.plist */,
			);
			path = SnapshotTests;
			sourceTree = "<group>";
		};
		63D904E52523942C003A9BD2 /* Support */ = {
			isa = PBXGroup;
			children = (
				63D904E825239438003A9BD2 /* App Lifecycle */,
				63D904C9252393AB003A9BD2 /* Assets.xcassets */,
				63D904CE252393AB003A9BD2 /* Info.plist */,
			);
			path = Support;
			sourceTree = "<group>";
		};
		63D904E825239438003A9BD2 /* App Lifecycle */ = {
			isa = PBXGroup;
			children = (
				63D904C0252393AA003A9BD2 /* AppDelegate.swift */,
				63D904C2252393AA003A9BD2 /* SceneDelegate.swift */,
			);
			path = "App Lifecycle";
			sourceTree = "<group>";
		};
		63D904E925239444003A9BD2 /* Controller */ = {
			isa = PBXGroup;
			children = (
				63D904C4252393AA003A9BD2 /* ViewController.swift */,
			);
			path = Controller;
			sourceTree = "<group>";
		};
		63D904EA2523944D003A9BD2 /* View */ = {
			isa = PBXGroup;
			children = (
				63D904EB25239451003A9BD2 /* Storyboards */,
			);
			path = View;
			sourceTree = "<group>";
		};
		63D904EB25239451003A9BD2 /* Storyboards */ = {
			isa = PBXGroup;
			children = (
				63D904C6252393AA003A9BD2 /* Main.storyboard */,
				63D904CB252393AB003A9BD2 /* LaunchScreen.storyboard */,
			);
			path = Storyboards;
			sourceTree = "<group>";
		};
/* End PBXGroup section */

/* Begin PBXNativeTarget section */
		63D904BC252393AA003A9BD2 /* Snapshot */ = {
			isa = PBXNativeTarget;
			buildConfigurationList = 63D904D1252393AB003A9BD2 /* Build configuration list for PBXNativeTarget "Snapshot" */;
			buildPhases = (
				63D904B9252393AA003A9BD2 /* Sources */,
				63D904BA252393AA003A9BD2 /* Frameworks */,
				63D904BB252393AA003A9BD2 /* Resources */,
			);
			buildRules = (
			);
			dependencies = (
			);
			name = Snapshot;
			productName = Snapshot;
			productReference = 63D904BD252393AA003A9BD2 /* Snapshot.app */;
			productType = "com.apple.product-type.application";
		};
		63D904D825239412003A9BD2 /* SnapshotTests */ = {
			isa = PBXNativeTarget;
			buildConfigurationList = 63D904E025239412003A9BD2 /* Build configuration list for PBXNativeTarget "SnapshotTests" */;
			buildPhases = (
				63D904D525239412003A9BD2 /* Sources */,
				63D904D625239412003A9BD2 /* Frameworks */,
				63D904D725239412003A9BD2 /* Resources */,
			);
			buildRules = (
			);
			dependencies = (
				63D904DF25239412003A9BD2 /* PBXTargetDependency */,
			);
			name = SnapshotTests;
			productName = SnapshotTests;
			productReference = 63D904D925239412003A9BD2 /* SnapshotTests.xctest */;
			productType = "com.apple.product-type.bundle.unit-test";
		};
/* End PBXNativeTarget section */

/* Begin PBXProject section */
		63D904B5252393AA003A9BD2 /* Project object */ = {
			isa = PBXProject;
			attributes = {
				LastSwiftUpdateCheck = 1200;
				LastUpgradeCheck = 1200;
				TargetAttributes = {
					63D904BC252393AA003A9BD2 = {
						CreatedOnToolsVersion = 12.0;
					};
					63D904D825239412003A9BD2 = {
						CreatedOnToolsVersion = 12.0;
						TestTargetID = 63D904BC252393AA003A9BD2;
					};
				};
			};
			buildConfigurationList = 63D904B8252393AA003A9BD2 /* Build configuration list for PBXProject "Snapshot" */;
			compatibilityVersion = "Xcode 9.3";
			developmentRegion = en;
			hasScannedForEncodings = 0;
			knownRegions = (
				en,
				Base,
			);
			mainGroup = 63D904B4252393AA003A9BD2;
			productRefGroup = 63D904BE252393AA003A9BD2 /* Products */;
			projectDirPath = "";
			projectRoot = "";
			targets = (
				63D904BC252393AA003A9BD2 /* Snapshot */,
				63D904D825239412003A9BD2 /* SnapshotTests */,
			);
		};
/* End PBXProject section */

/* Begin PBXResourcesBuildPhase section */
		63D904BB252393AA003A9BD2 /* Resources */ = {
			isa = PBXResourcesBuildPhase;
			buildActionMask = 2147483647;
			files = (
				63D904CD252393AB003A9BD2 /* LaunchScreen.storyboard in Resources */,
				63D904CA252393AB003A9BD2 /* Assets.xcassets in Resources */,
				63D904C8252393AA003A9BD2 /* Main.storyboard in Resources */,
			);
			runOnlyForDeploymentPostprocessing = 0;
		};
		63D904D725239412003A9BD2 /* Resources */ = {
			isa = PBXResourcesBuildPhase;
			buildActionMask = 2147483647;
			files = (
			);
			runOnlyForDeploymentPostprocessing = 0;
		};
/* End PBXResourcesBuildPhase section */

/* Begin PBXSourcesBuildPhase section */
		63D904B9252393AA003A9BD2 /* Sources */ = {
			isa = PBXSourcesBuildPhase;
			buildActionMask = 2147483647;
			files = (
				63D904C5252393AA003A9BD2 /* ViewController.swift in Sources */,
				63D904C1252393AA003A9BD2 /* AppDelegate.swift in Sources */,
				63D904C3252393AA003A9BD2 /* SceneDelegate.swift in Sources */,
			);
			runOnlyForDeploymentPostprocessing = 0;
		};
		63D904D525239412003A9BD2 /* Sources */ = {
			isa = PBXSourcesBuildPhase;
			buildActionMask = 2147483647;
			files = (
			);
			runOnlyForDeploymentPostprocessing = 0;
		};
/* End PBXSourcesBuildPhase section */

/* Begin PBXTargetDependency section */
		63D904DF25239412003A9BD2 /* PBXTargetDependency */ = {
			isa = PBXTargetDependency;
			target = 63D904BC252393AA003A9BD2 /* Snapshot */;
			targetProxy = 63D904DE25239412003A9BD2 /* PBXContainerItemProxy */;
		};
/* End PBXTargetDependency section */

/* Begin PBXVariantGroup section */
		63D904C6252393AA003A9BD2 /* Main.storyboard */ = {
			isa = PBXVariantGroup;
			children = (
				63D904C7252393AA003A9BD2 /* Base */,
			);
			name = Main.storyboard;
			sourceTree = "<group>";
		};
		63D904CB252393AB003A9BD2 /* LaunchScreen.storyboard */ = {
			isa = PBXVariantGroup;
			children = (
				63D904CC252393AB003A9BD2 /* Base */,
			);
			name = LaunchScreen.storyboard;
			sourceTree = "<group>";
		};
/* End PBXVariantGroup section */

/* Begin XCBuildConfiguration section */
		63D904CF252393AB003A9BD2 /* Debug */ = {
			isa = XCBuildConfiguration;
			buildSettings = {
				ALWAYS_SEARCH_USER_PATHS = NO;
				CLANG_ANALYZER_NONNULL = YES;
				CLANG_ANALYZER_NUMBER_OBJECT_CONVERSION = YES_AGGRESSIVE;
				CLANG_CXX_LANGUAGE_STANDARD = "gnu++14";
				CLANG_CXX_LIBRARY = "libc++";
				CLANG_ENABLE_MODULES = YES;
				CLANG_ENABLE_OBJC_ARC = YES;
				CLANG_ENABLE_OBJC_WEAK = YES;
				CLANG_WARN_BLOCK_CAPTURE_AUTORELEASING = YES;
				CLANG_WARN_BOOL_CONVERSION = YES;
				CLANG_WARN_COMMA = YES;
				CLANG_WARN_CONSTANT_CONVERSION = YES;
				CLANG_WARN_DEPRECATED_OBJC_IMPLEMENTATIONS = YES;
				CLANG_WARN_DIRECT_OBJC_ISA_USAGE = YES_ERROR;
				CLANG_WARN_DOCUMENTATION_COMMENTS = YES;
				CLANG_WARN_EMPTY_BODY = YES;
				CLANG_WARN_ENUM_CONVERSION = YES;
				CLANG_WARN_INFINITE_RECURSION = YES;
				CLANG_WARN_INT_CONVERSION = YES;
				CLANG_WARN_NON_LITERAL_NULL_CONVERSION = YES;
				CLANG_WARN_OBJC_IMPLICIT_RETAIN_SELF = YES;
				CLANG_WARN_OBJC_LITERAL_CONVERSION = YES;
				CLANG_WARN_OBJC_ROOT_CLASS = YES_ERROR;
				CLANG_WARN_QUOTED_INCLUDE_IN_FRAMEWORK_HEADER = YES;
				CLANG_WARN_RANGE_LOOP_ANALYSIS = YES;
				CLANG_WARN_STRICT_PROTOTYPES = YES;
				CLANG_WARN_SUSPICIOUS_MOVE = YES;
				CLANG_WARN_UNGUARDED_AVAILABILITY = YES_AGGRESSIVE;
				CLANG_WARN_UNREACHABLE_CODE = YES;
				CLANG_WARN__DUPLICATE_METHOD_MATCH = YES;
				COPY_PHASE_STRIP = NO;
				DEBUG_INFORMATION_FORMAT = dwarf;
				ENABLE_STRICT_OBJC_MSGSEND = YES;
				ENABLE_TESTABILITY = YES;
				GCC_C_LANGUAGE_STANDARD = gnu11;
				GCC_DYNAMIC_NO_PIC = NO;
				GCC_NO_COMMON_BLOCKS = YES;
				GCC_OPTIMIZATION_LEVEL = 0;
				GCC_PREPROCESSOR_DEFINITIONS = (
					"DEBUG=1",
					"$(inherited)",
				);
				GCC_WARN_64_TO_32_BIT_CONVERSION = YES;
				GCC_WARN_ABOUT_RETURN_TYPE = YES_ERROR;
				GCC_WARN_UNDECLARED_SELECTOR = YES;
				GCC_WARN_UNINITIALIZED_AUTOS = YES_AGGRESSIVE;
				GCC_WARN_UNUSED_FUNCTION = YES;
				GCC_WARN_UNUSED_VARIABLE = YES;
				IPHONEOS_DEPLOYMENT_TARGET = 14.0;
				MTL_ENABLE_DEBUG_INFO = INCLUDE_SOURCE;
				MTL_FAST_MATH = YES;
				ONLY_ACTIVE_ARCH = YES;
				SDKROOT = iphoneos;
				SWIFT_ACTIVE_COMPILATION_CONDITIONS = DEBUG;
				SWIFT_OPTIMIZATION_LEVEL = "-Onone";
			};
			name = Debug;
		};
		63D904D0252393AB003A9BD2 /* Release */ = {
			isa = XCBuildConfiguration;
			buildSettings = {
				ALWAYS_SEARCH_USER_PATHS = NO;
				CLANG_ANALYZER_NONNULL = YES;
				CLANG_ANALYZER_NUMBER_OBJECT_CONVERSION = YES_AGGRESSIVE;
				CLANG_CXX_LANGUAGE_STANDARD = "gnu++14";
				CLANG_CXX_LIBRARY = "libc++";
				CLANG_ENABLE_MODULES = YES;
				CLANG_ENABLE_OBJC_ARC = YES;
				CLANG_ENABLE_OBJC_WEAK = YES;
				CLANG_WARN_BLOCK_CAPTURE_AUTORELEASING = YES;
				CLANG_WARN_BOOL_CONVERSION = YES;
				CLANG_WARN_COMMA = YES;
				CLANG_WARN_CONSTANT_CONVERSION = YES;
				CLANG_WARN_DEPRECATED_OBJC_IMPLEMENTATIONS = YES;
				CLANG_WARN_DIRECT_OBJC_ISA_USAGE = YES_ERROR;
				CLANG_WARN_DOCUMENTATION_COMMENTS = YES;
				CLANG_WARN_EMPTY_BODY = YES;
				CLANG_WARN_ENUM_CONVERSION = YES;
				CLANG_WARN_INFINITE_RECURSION = YES;
				CLANG_WARN_INT_CONVERSION = YES;
				CLANG_WARN_NON_LITERAL_NULL_CONVERSION = YES;
				CLANG_WARN_OBJC_IMPLICIT_RETAIN_SELF = YES;
				CLANG_WARN_OBJC_LITERAL_CONVERSION = YES;
				CLANG_WARN_OBJC_ROOT_CLASS = YES_ERROR;
				CLANG_WARN_QUOTED_INCLUDE_IN_FRAMEWORK_HEADER = YES;
				CLANG_WARN_RANGE_LOOP_ANALYSIS = YES;
				CLANG_WARN_STRICT_PROTOTYPES = YES;
				CLANG_WARN_SUSPICIOUS_MOVE = YES;
				CLANG_WARN_UNGUARDED_AVAILABILITY = YES_AGGRESSIVE;
				CLANG_WARN_UNREACHABLE_CODE = YES;
				CLANG_WARN__DUPLICATE_METHOD_MATCH = YES;
				COPY_PHASE_STRIP = NO;
				DEBUG_INFORMATION_FORMAT = "dwarf-with-dsym";
				ENABLE_NS_ASSERTIONS = NO;
				ENABLE_STRICT_OBJC_MSGSEND = YES;
				GCC_C_LANGUAGE_STANDARD = gnu11;
				GCC_NO_COMMON_BLOCKS = YES;
				GCC_WARN_64_TO_32_BIT_CONVERSION = YES;
				GCC_WARN_ABOUT_RETURN_TYPE = YES_ERROR;
				GCC_WARN_UNDECLARED_SELECTOR = YES;
				GCC_WARN_UNINITIALIZED_AUTOS = YES_AGGRESSIVE;
				GCC_WARN_UNUSED_FUNCTION = YES;
				GCC_WARN_UNUSED_VARIABLE = YES;
				IPHONEOS_DEPLOYMENT_TARGET = 14.0;
				MTL_ENABLE_DEBUG_INFO = NO;
				MTL_FAST_MATH = YES;
				SDKROOT = iphoneos;
				SWIFT_COMPILATION_MODE = wholemodule;
				SWIFT_OPTIMIZATION_LEVEL = "-O";
				VALIDATE_PRODUCT = YES;
			};
			name = Release;
		};
		63D904D2252393AB003A9BD2 /* Debug */ = {
			isa = XCBuildConfiguration;
			buildSettings = {
				ASSETCATALOG_COMPILER_APPICON_NAME = AppIcon;
				ASSETCATALOG_COMPILER_GLOBAL_ACCENT_COLOR_NAME = AccentColor;
				CODE_SIGN_STYLE = Automatic;
				DEVELOPMENT_TEAM = P7DFWNNEL3;
				INFOPLIST_FILE = Snapshot/Support/Info.plist;
				LD_RUNPATH_SEARCH_PATHS = (
					"$(inherited)",
					"@executable_path/Frameworks",
				);
				PRODUCT_BUNDLE_IDENTIFIER = io.github.chadarutherford.Snapshot;
				PRODUCT_NAME = "$(TARGET_NAME)";
				SWIFT_VERSION = 5.0;
				TARGETED_DEVICE_FAMILY = "1,2";
			};
			name = Debug;
		};
		63D904D3252393AB003A9BD2 /* Release */ = {
			isa = XCBuildConfiguration;
			buildSettings = {
				ASSETCATALOG_COMPILER_APPICON_NAME = AppIcon;
				ASSETCATALOG_COMPILER_GLOBAL_ACCENT_COLOR_NAME = AccentColor;
				CODE_SIGN_STYLE = Automatic;
				DEVELOPMENT_TEAM = P7DFWNNEL3;
				INFOPLIST_FILE = Snapshot/Support/Info.plist;
				LD_RUNPATH_SEARCH_PATHS = (
					"$(inherited)",
					"@executable_path/Frameworks",
				);
				PRODUCT_BUNDLE_IDENTIFIER = io.github.chadarutherford.Snapshot;
				PRODUCT_NAME = "$(TARGET_NAME)";
				SWIFT_VERSION = 5.0;
				TARGETED_DEVICE_FAMILY = "1,2";
			};
			name = Release;
		};
		63D904E125239412003A9BD2 /* Debug */ = {
			isa = XCBuildConfiguration;
			buildSettings = {
				BUNDLE_LOADER = "$(TEST_HOST)";
				CODE_SIGN_STYLE = Automatic;
				DEVELOPMENT_TEAM = P7DFWNNEL3;
				INFOPLIST_FILE = SnapshotTests/Info.plist;
				LD_RUNPATH_SEARCH_PATHS = (
					"$(inherited)",
					"@executable_path/Frameworks",
					"@loader_path/Frameworks",
				);
				PRODUCT_BUNDLE_IDENTIFIER = io.github.chadarutherford.SnapshotTests;
				PRODUCT_NAME = "$(TARGET_NAME)";
				SWIFT_VERSION = 5.0;
				TARGETED_DEVICE_FAMILY = "1,2";
				TEST_HOST = "$(BUILT_PRODUCTS_DIR)/Snapshot.app/Snapshot";
			};
			name = Debug;
		};
		63D904E225239412003A9BD2 /* Release */ = {
			isa = XCBuildConfiguration;
			buildSettings = {
				BUNDLE_LOADER = "$(TEST_HOST)";
				CODE_SIGN_STYLE = Automatic;
				DEVELOPMENT_TEAM = P7DFWNNEL3;
				INFOPLIST_FILE = SnapshotTests/Info.plist;
				LD_RUNPATH_SEARCH_PATHS = (
					"$(inherited)",
					"@executable_path/Frameworks",
					"@loader_path/Frameworks",
				);
				PRODUCT_BUNDLE_IDENTIFIER = io.github.chadarutherford.SnapshotTests;
				PRODUCT_NAME = "$(TARGET_NAME)";
				SWIFT_VERSION = 5.0;
				TARGETED_DEVICE_FAMILY = "1,2";
				TEST_HOST = "$(BUILT_PRODUCTS_DIR)/Snapshot.app/Snapshot";
			};
			name = Release;
		};
/* End XCBuildConfiguration section */

/* Begin XCConfigurationList section */
		63D904B8252393AA003A9BD2 /* Build configuration list for PBXProject "Snapshot" */ = {
			isa = XCConfigurationList;
			buildConfigurations = (
				63D904CF252393AB003A9BD2 /* Debug */,
				63D904D0252393AB003A9BD2 /* Release */,
			);
			defaultConfigurationIsVisible = 0;
			defaultConfigurationName = Release;
		};
		63D904D1252393AB003A9BD2 /* Build configuration list for PBXNativeTarget "Snapshot" */ = {
			isa = XCConfigurationList;
			buildConfigurations = (
				63D904D2252393AB003A9BD2 /* Debug */,
				63D904D3252393AB003A9BD2 /* Release */,
			);
			defaultConfigurationIsVisible = 0;
			defaultConfigurationName = Release;
		};
		63D904E025239412003A9BD2 /* Build configuration list for PBXNativeTarget "SnapshotTests" */ = {
			isa = XCConfigurationList;
			buildConfigurations = (
				63D904E125239412003A9BD2 /* Debug */,
				63D904E225239412003A9BD2 /* Release */,
			);
			defaultConfigurationIsVisible = 0;
			defaultConfigurationName = Release;
		};
/* End XCConfigurationList section */
	};
	rootObject = 63D904B5252393AA003A9BD2 /* Project object */;
}
