// !$*UTF8*$!
{
	archiveVersion = 1;
	classes = {
	};
	objectVersion = 50;
	objects = {

/* Begin PBXBuildFile section */
		63F21D93251E31FC0047FC87 /* AppDelegate.swift in Sources */ = {isa = PBXBuildFile; fileRef = 63F21D92251E31FC0047FC87 /* AppDelegate.swift */; };
		63F21D95251E31FC0047FC87 /* SceneDelegate.swift in Sources */ = {isa = PBXBuildFile; fileRef = 63F21D94251E31FC0047FC87 /* SceneDelegate.swift */; };
		63F21D97251E31FC0047FC87 /* ViewController.swift in Sources */ = {isa = PBXBuildFile; fileRef = 63F21D96251E31FC0047FC87 /* ViewController.swift */; };
		63F21D9A251E31FC0047FC87 /* Main.storyboard in Resources */ = {isa = PBXBuildFile; fileRef = 63F21D98251E31FC0047FC87 /* Main.storyboard */; };
		63F21D9C251E31FD0047FC87 /* Assets.xcassets in Resources */ = {isa = PBXBuildFile; fileRef = 63F21D9B251E31FD0047FC87 /* Assets.xcassets */; };
		63F21D9F251E31FD0047FC87 /* LaunchScreen.storyboard in Resources */ = {isa = PBXBuildFile; fileRef = 63F21D9D251E31FD0047FC87 /* LaunchScreen.storyboard */; };
/* End PBXBuildFile section */

/* Begin PBXContainerItemProxy section */
		63F21DB0251E32160047FC87 /* PBXContainerItemProxy */ = {
			isa = PBXContainerItemProxy;
			containerPortal = 63F21D87251E31FC0047FC87 /* Project object */;
			proxyType = 1;
			remoteGlobalIDString = 63F21D8E251E31FC0047FC87;
			remoteInfo = NetworkRequest;
		};
/* End PBXContainerItemProxy section */

/* Begin PBXFileReference section */
		63F21D8F251E31FC0047FC87 /* NetworkRequest.app */ = {isa = PBXFileReference; explicitFileType = wrapper.application; includeInIndex = 0; path = NetworkRequest.app; sourceTree = BUILT_PRODUCTS_DIR; };
		63F21D92251E31FC0047FC87 /* AppDelegate.swift */ = {isa = PBXFileReference; lastKnownFileType = sourcecode.swift; path = AppDelegate.swift; sourceTree = "<group>"; };
		63F21D94251E31FC0047FC87 /* SceneDelegate.swift */ = {isa = PBXFileReference; lastKnownFileType = sourcecode.swift; path = SceneDelegate.swift; sourceTree = "<group>"; };
		63F21D96251E31FC0047FC87 /* ViewController.swift */ = {isa = PBXFileReference; lastKnownFileType = sourcecode.swift; path = ViewController.swift; sourceTree = "<group>"; };
		63F21D99251E31FC0047FC87 /* Base */ = {isa = PBXFileReference; lastKnownFileType = file.storyboard; name = Base; path = Base.lproj/Main.storyboard; sourceTree = "<group>"; };
		63F21D9B251E31FD0047FC87 /* Assets.xcassets */ = {isa = PBXFileReference; lastKnownFileType = folder.assetcatalog; path = Assets.xcassets; sourceTree = "<group>"; };
		63F21D9E251E31FD0047FC87 /* Base */ = {isa = PBXFileReference; lastKnownFileType = file.storyboard; name = Base; path = Base.lproj/LaunchScreen.storyboard; sourceTree = "<group>"; };
		63F21DA0251E31FD0047FC87 /* Info.plist */ = {isa = PBXFileReference; lastKnownFileType = text.plist.xml; path = Info.plist; sourceTree = "<group>"; };
		63F21DAB251E32160047FC87 /* NetworkRequestTests.xctest */ = {isa = PBXFileReference; explicitFileType = wrapper.cfbundle; includeInIndex = 0; path = NetworkRequestTests.xctest; sourceTree = BUILT_PRODUCTS_DIR; };
		63F21DAF251E32160047FC87 /* Info.plist */ = {isa = PBXFileReference; lastKnownFileType = text.plist.xml; path = Info.plist; sourceTree = "<group>"; };
/* End PBXFileReference section */

/* Begin PBXFrameworksBuildPhase section */
		63F21D8C251E31FC0047FC87 /* Frameworks */ = {
			isa = PBXFrameworksBuildPhase;
			buildActionMask = 2147483647;
			files = (
			);
			runOnlyForDeploymentPostprocessing = 0;
		};
		63F21DA8251E32160047FC87 /* Frameworks */ = {
			isa = PBXFrameworksBuildPhase;
			buildActionMask = 2147483647;
			files = (
			);
			runOnlyForDeploymentPostprocessing = 0;
		};
/* End PBXFrameworksBuildPhase section */

/* Begin PBXGroup section */
		63F21D86251E31FC0047FC87 = {
			isa = PBXGroup;
			children = (
				63F21D91251E31FC0047FC87 /* NetworkRequest */,
				63F21DAC251E32160047FC87 /* NetworkRequestTests */,
				63F21D90251E31FC0047FC87 /* Products */,
			);
			sourceTree = "<group>";
		};
		63F21D90251E31FC0047FC87 /* Products */ = {
			isa = PBXGroup;
			children = (
				63F21D8F251E31FC0047FC87 /* NetworkRequest.app */,
				63F21DAB251E32160047FC87 /* NetworkRequestTests.xctest */,
			);
			name = Products;
			sourceTree = "<group>";
		};
		63F21D91251E31FC0047FC87 /* NetworkRequest */ = {
			isa = PBXGroup;
			children = (
				63F21DBC251E32460047FC87 /* View */,
				63F21DBB251E323E0047FC87 /* Controller */,
				63F21DB9251E32270047FC87 /* Support */,
			);
			path = NetworkRequest;
			sourceTree = "<group>";
		};
		63F21DAC251E32160047FC87 /* NetworkRequestTests */ = {
			isa = PBXGroup;
			children = (
				63F21DAF251E32160047FC87 /* Info.plist */,
			);
			path = NetworkRequestTests;
			sourceTree = "<group>";
		};
		63F21DB9251E32270047FC87 /* Support */ = {
			isa = PBXGroup;
			children = (
				63F21DBA251E32320047FC87 /* App Lifecycle */,
				63F21D9B251E31FD0047FC87 /* Assets.xcassets */,
				63F21DA0251E31FD0047FC87 /* Info.plist */,
			);
			path = Support;
			sourceTree = "<group>";
		};
		63F21DBA251E32320047FC87 /* App Lifecycle */ = {
			isa = PBXGroup;
			children = (
				63F21D92251E31FC0047FC87 /* AppDelegate.swift */,
				63F21D94251E31FC0047FC87 /* SceneDelegate.swift */,
			);
			path = "App Lifecycle";
			sourceTree = "<group>";
		};
		63F21DBB251E323E0047FC87 /* Controller */ = {
			isa = PBXGroup;
			children = (
				63F21D96251E31FC0047FC87 /* ViewController.swift */,
			);
			path = Controller;
			sourceTree = "<group>";
		};
		63F21DBC251E32460047FC87 /* View */ = {
			isa = PBXGroup;
			children = (
				63F21DBD251E324A0047FC87 /* Storyboards */,
			);
			path = View;
			sourceTree = "<group>";
		};
		63F21DBD251E324A0047FC87 /* Storyboards */ = {
			isa = PBXGroup;
			children = (
				63F21D98251E31FC0047FC87 /* Main.storyboard */,
				63F21D9D251E31FD0047FC87 /* LaunchScreen.storyboard */,
			);
			path = Storyboards;
			sourceTree = "<group>";
		};
/* End PBXGroup section */

/* Begin PBXNativeTarget section */
		63F21D8E251E31FC0047FC87 /* NetworkRequest */ = {
			isa = PBXNativeTarget;
			buildConfigurationList = 63F21DA3251E31FD0047FC87 /* Build configuration list for PBXNativeTarget "NetworkRequest" */;
			buildPhases = (
				63F21D8B251E31FC0047FC87 /* Sources */,
				63F21D8C251E31FC0047FC87 /* Frameworks */,
				63F21D8D251E31FC0047FC87 /* Resources */,
			);
			buildRules = (
			);
			dependencies = (
			);
			name = NetworkRequest;
			productName = NetworkRequest;
			productReference = 63F21D8F251E31FC0047FC87 /* NetworkRequest.app */;
			productType = "com.apple.product-type.application";
		};
		63F21DAA251E32160047FC87 /* NetworkRequestTests */ = {
			isa = PBXNativeTarget;
			buildConfigurationList = 63F21DB2251E32160047FC87 /* Build configuration list for PBXNativeTarget "NetworkRequestTests" */;
			buildPhases = (
				63F21DA7251E32160047FC87 /* Sources */,
				63F21DA8251E32160047FC87 /* Frameworks */,
				63F21DA9251E32160047FC87 /* Resources */,
			);
			buildRules = (
			);
			dependencies = (
				63F21DB1251E32160047FC87 /* PBXTargetDependency */,
			);
			name = NetworkRequestTests;
			productName = NetworkRequestTests;
			productReference = 63F21DAB251E32160047FC87 /* NetworkRequestTests.xctest */;
			productType = "com.apple.product-type.bundle.unit-test";
		};
/* End PBXNativeTarget section */

/* Begin PBXProject section */
		63F21D87251E31FC0047FC87 /* Project object */ = {
			isa = PBXProject;
			attributes = {
				LastSwiftUpdateCheck = 1200;
				LastUpgradeCheck = 1200;
				TargetAttributes = {
					63F21D8E251E31FC0047FC87 = {
						CreatedOnToolsVersion = 12.0;
					};
					63F21DAA251E32160047FC87 = {
						CreatedOnToolsVersion = 12.0;
						TestTargetID = 63F21D8E251E31FC0047FC87;
					};
				};
			};
			buildConfigurationList = 63F21D8A251E31FC0047FC87 /* Build configuration list for PBXProject "NetworkRequest" */;
			compatibilityVersion = "Xcode 9.3";
			developmentRegion = en;
			hasScannedForEncodings = 0;
			knownRegions = (
				en,
				Base,
			);
			mainGroup = 63F21D86251E31FC0047FC87;
			productRefGroup = 63F21D90251E31FC0047FC87 /* Products */;
			projectDirPath = "";
			projectRoot = "";
			targets = (
				63F21D8E251E31FC0047FC87 /* NetworkRequest */,
				63F21DAA251E32160047FC87 /* NetworkRequestTests */,
			);
		};
/* End PBXProject section */

/* Begin PBXResourcesBuildPhase section */
		63F21D8D251E31FC0047FC87 /* Resources */ = {
			isa = PBXResourcesBuildPhase;
			buildActionMask = 2147483647;
			files = (
				63F21D9F251E31FD0047FC87 /* LaunchScreen.storyboard in Resources */,
				63F21D9C251E31FD0047FC87 /* Assets.xcassets in Resources */,
				63F21D9A251E31FC0047FC87 /* Main.storyboard in Resources */,
			);
			runOnlyForDeploymentPostprocessing = 0;
		};
		63F21DA9251E32160047FC87 /* Resources */ = {
			isa = PBXResourcesBuildPhase;
			buildActionMask = 2147483647;
			files = (
			);
			runOnlyForDeploymentPostprocessing = 0;
		};
/* End PBXResourcesBuildPhase section */

/* Begin PBXSourcesBuildPhase section */
		63F21D8B251E31FC0047FC87 /* Sources */ = {
			isa = PBXSourcesBuildPhase;
			buildActionMask = 2147483647;
			files = (
				63F21D97251E31FC0047FC87 /* ViewController.swift in Sources */,
				63F21D93251E31FC0047FC87 /* AppDelegate.swift in Sources */,
				63F21D95251E31FC0047FC87 /* SceneDelegate.swift in Sources */,
			);
			runOnlyForDeploymentPostprocessing = 0;
		};
		63F21DA7251E32160047FC87 /* Sources */ = {
			isa = PBXSourcesBuildPhase;
			buildActionMask = 2147483647;
			files = (
			);
			runOnlyForDeploymentPostprocessing = 0;
		};
/* End PBXSourcesBuildPhase section */

/* Begin PBXTargetDependency section */
		63F21DB1251E32160047FC87 /* PBXTargetDependency */ = {
			isa = PBXTargetDependency;
			target = 63F21D8E251E31FC0047FC87 /* NetworkRequest */;
			targetProxy = 63F21DB0251E32160047FC87 /* PBXContainerItemProxy */;
		};
/* End PBXTargetDependency section */

/* Begin PBXVariantGroup section */
		63F21D98251E31FC0047FC87 /* Main.storyboard */ = {
			isa = PBXVariantGroup;
			children = (
				63F21D99251E31FC0047FC87 /* Base */,
			);
			name = Main.storyboard;
			sourceTree = "<group>";
		};
		63F21D9D251E31FD0047FC87 /* LaunchScreen.storyboard */ = {
			isa = PBXVariantGroup;
			children = (
				63F21D9E251E31FD0047FC87 /* Base */,
			);
			name = LaunchScreen.storyboard;
			sourceTree = "<group>";
		};
/* End PBXVariantGroup section */

/* Begin XCBuildConfiguration section */
		63F21DA1251E31FD0047FC87 /* Debug */ = {
			isa = XCBuildConfiguration;
			buildSettings = {
				ALWAYS_SEARCH_USER_PATHS = NO;
				CLANG_ANALYZER_NONNULL = YES;
				CLANG_ANALYZER_NUMBER_OBJECT_CONVERSION = YES_AGGRESSIVE;
				CLANG_CXX_LANGUAGE_STANDARD = "gnu++14";
				CLANG_CXX_LIBRARY = "libc++";
				CLANG_ENABLE_MODULES = YES;
				CLANG_ENABLE_OBJC_ARC = YES;
				CLANG_ENABLE_OBJC_WEAK = YES;
				CLANG_WARN_BLOCK_CAPTURE_AUTORELEASING = YES;
				CLANG_WARN_BOOL_CONVERSION = YES;
				CLANG_WARN_COMMA = YES;
				CLANG_WARN_CONSTANT_CONVERSION = YES;
				CLANG_WARN_DEPRECATED_OBJC_IMPLEMENTATIONS = YES;
				CLANG_WARN_DIRECT_OBJC_ISA_USAGE = YES_ERROR;
				CLANG_WARN_DOCUMENTATION_COMMENTS = YES;
				CLANG_WARN_EMPTY_BODY = YES;
				CLANG_WARN_ENUM_CONVERSION = YES;
				CLANG_WARN_INFINITE_RECURSION = YES;
				CLANG_WARN_INT_CONVERSION = YES;
				CLANG_WARN_NON_LITERAL_NULL_CONVERSION = YES;
				CLANG_WARN_OBJC_IMPLICIT_RETAIN_SELF = YES;
				CLANG_WARN_OBJC_LITERAL_CONVERSION = YES;
				CLANG_WARN_OBJC_ROOT_CLASS = YES_ERROR;
				CLANG_WARN_QUOTED_INCLUDE_IN_FRAMEWORK_HEADER = YES;
				CLANG_WARN_RANGE_LOOP_ANALYSIS = YES;
				CLANG_WARN_STRICT_PROTOTYPES = YES;
				CLANG_WARN_SUSPICIOUS_MOVE = YES;
				CLANG_WARN_UNGUARDED_AVAILABILITY = YES_AGGRESSIVE;
				CLANG_WARN_UNREACHABLE_CODE = YES;
				CLANG_WARN__DUPLICATE_METHOD_MATCH = YES;
				COPY_PHASE_STRIP = NO;
				DEBUG_INFORMATION_FORMAT = dwarf;
				ENABLE_STRICT_OBJC_MSGSEND = YES;
				ENABLE_TESTABILITY = YES;
				GCC_C_LANGUAGE_STANDARD = gnu11;
				GCC_DYNAMIC_NO_PIC = NO;
				GCC_NO_COMMON_BLOCKS = YES;
				GCC_OPTIMIZATION_LEVEL = 0;
				GCC_PREPROCESSOR_DEFINITIONS = (
					"DEBUG=1",
					"$(inherited)",
				);
				GCC_WARN_64_TO_32_BIT_CONVERSION = YES;
				GCC_WARN_ABOUT_RETURN_TYPE = YES_ERROR;
				GCC_WARN_UNDECLARED_SELECTOR = YES;
				GCC_WARN_UNINITIALIZED_AUTOS = YES_AGGRESSIVE;
				GCC_WARN_UNUSED_FUNCTION = YES;
				GCC_WARN_UNUSED_VARIABLE = YES;
				IPHONEOS_DEPLOYMENT_TARGET = 14.0;
				MTL_ENABLE_DEBUG_INFO = INCLUDE_SOURCE;
				MTL_FAST_MATH = YES;
				ONLY_ACTIVE_ARCH = YES;
				SDKROOT = iphoneos;
				SWIFT_ACTIVE_COMPILATION_CONDITIONS = DEBUG;
				SWIFT_OPTIMIZATION_LEVEL = "-Onone";
			};
			name = Debug;
		};
		63F21DA2251E31FD0047FC87 /* Release */ = {
			isa = XCBuildConfiguration;
			buildSettings = {
				ALWAYS_SEARCH_USER_PATHS = NO;
				CLANG_ANALYZER_NONNULL = YES;
				CLANG_ANALYZER_NUMBER_OBJECT_CONVERSION = YES_AGGRESSIVE;
				CLANG_CXX_LANGUAGE_STANDARD = "gnu++14";
				CLANG_CXX_LIBRARY = "libc++";
				CLANG_ENABLE_MODULES = YES;
				CLANG_ENABLE_OBJC_ARC = YES;
				CLANG_ENABLE_OBJC_WEAK = YES;
				CLANG_WARN_BLOCK_CAPTURE_AUTORELEASING = YES;
				CLANG_WARN_BOOL_CONVERSION = YES;
				CLANG_WARN_COMMA = YES;
				CLANG_WARN_CONSTANT_CONVERSION = YES;
				CLANG_WARN_DEPRECATED_OBJC_IMPLEMENTATIONS = YES;
				CLANG_WARN_DIRECT_OBJC_ISA_USAGE = YES_ERROR;
				CLANG_WARN_DOCUMENTATION_COMMENTS = YES;
				CLANG_WARN_EMPTY_BODY = YES;
				CLANG_WARN_ENUM_CONVERSION = YES;
				CLANG_WARN_INFINITE_RECURSION = YES;
				CLANG_WARN_INT_CONVERSION = YES;
				CLANG_WARN_NON_LITERAL_NULL_CONVERSION = YES;
				CLANG_WARN_OBJC_IMPLICIT_RETAIN_SELF = YES;
				CLANG_WARN_OBJC_LITERAL_CONVERSION = YES;
				CLANG_WARN_OBJC_ROOT_CLASS = YES_ERROR;
				CLANG_WARN_QUOTED_INCLUDE_IN_FRAMEWORK_HEADER = YES;
				CLANG_WARN_RANGE_LOOP_ANALYSIS = YES;
				CLANG_WARN_STRICT_PROTOTYPES = YES;
				CLANG_WARN_SUSPICIOUS_MOVE = YES;
				CLANG_WARN_UNGUARDED_AVAILABILITY = YES_AGGRESSIVE;
				CLANG_WARN_UNREACHABLE_CODE = YES;
				CLANG_WARN__DUPLICATE_METHOD_MATCH = YES;
				COPY_PHASE_STRIP = NO;
				DEBUG_INFORMATION_FORMAT = "dwarf-with-dsym";
				ENABLE_NS_ASSERTIONS = NO;
				ENABLE_STRICT_OBJC_MSGSEND = YES;
				GCC_C_LANGUAGE_STANDARD = gnu11;
				GCC_NO_COMMON_BLOCKS = YES;
				GCC_WARN_64_TO_32_BIT_CONVERSION = YES;
				GCC_WARN_ABOUT_RETURN_TYPE = YES_ERROR;
				GCC_WARN_UNDECLARED_SELECTOR = YES;
				GCC_WARN_UNINITIALIZED_AUTOS = YES_AGGRESSIVE;
				GCC_WARN_UNUSED_FUNCTION = YES;
				GCC_WARN_UNUSED_VARIABLE = YES;
				IPHONEOS_DEPLOYMENT_TARGET = 14.0;
				MTL_ENABLE_DEBUG_INFO = NO;
				MTL_FAST_MATH = YES;
				SDKROOT = iphoneos;
				SWIFT_COMPILATION_MODE = wholemodule;
				SWIFT_OPTIMIZATION_LEVEL = "-O";
				VALIDATE_PRODUCT = YES;
			};
			name = Release;
		};
		63F21DA4251E31FD0047FC87 /* Debug */ = {
			isa = XCBuildConfiguration;
			buildSettings = {
				ASSETCATALOG_COMPILER_APPICON_NAME = AppIcon;
				ASSETCATALOG_COMPILER_GLOBAL_ACCENT_COLOR_NAME = AccentColor;
				CODE_SIGN_STYLE = Automatic;
				DEVELOPMENT_TEAM = P7DFWNNEL3;
				INFOPLIST_FILE = NetworkRequest/Support/Info.plist;
				LD_RUNPATH_SEARCH_PATHS = (
					"$(inherited)",
					"@executable_path/Frameworks",
				);
				PRODUCT_BUNDLE_IDENTIFIER = io.github.chadarutherford.NetworkRequest;
				PRODUCT_NAME = "$(TARGET_NAME)";
				SWIFT_VERSION = 5.0;
				TARGETED_DEVICE_FAMILY = "1,2";
			};
			name = Debug;
		};
		63F21DA5251E31FD0047FC87 /* Release */ = {
			isa = XCBuildConfiguration;
			buildSettings = {
				ASSETCATALOG_COMPILER_APPICON_NAME = AppIcon;
				ASSETCATALOG_COMPILER_GLOBAL_ACCENT_COLOR_NAME = AccentColor;
				CODE_SIGN_STYLE = Automatic;
				DEVELOPMENT_TEAM = P7DFWNNEL3;
				INFOPLIST_FILE = NetworkRequest/Support/Info.plist;
				LD_RUNPATH_SEARCH_PATHS = (
					"$(inherited)",
					"@executable_path/Frameworks",
				);
				PRODUCT_BUNDLE_IDENTIFIER = io.github.chadarutherford.NetworkRequest;
				PRODUCT_NAME = "$(TARGET_NAME)";
				SWIFT_VERSION = 5.0;
				TARGETED_DEVICE_FAMILY = "1,2";
			};
			name = Release;
		};
		63F21DB3251E32160047FC87 /* Debug */ = {
			isa = XCBuildConfiguration;
			buildSettings = {
				BUNDLE_LOADER = "$(TEST_HOST)";
				CODE_SIGN_STYLE = Automatic;
				DEVELOPMENT_TEAM = P7DFWNNEL3;
				INFOPLIST_FILE = NetworkRequestTests/Info.plist;
				LD_RUNPATH_SEARCH_PATHS = (
					"$(inherited)",
					"@executable_path/Frameworks",
					"@loader_path/Frameworks",
				);
				PRODUCT_BUNDLE_IDENTIFIER = io.github.chadarutherford.NetworkRequestTests;
				PRODUCT_NAME = "$(TARGET_NAME)";
				SWIFT_VERSION = 5.0;
				TARGETED_DEVICE_FAMILY = "1,2";
				TEST_HOST = "$(BUILT_PRODUCTS_DIR)/NetworkRequest.app/NetworkRequest";
			};
			name = Debug;
		};
		63F21DB4251E32160047FC87 /* Release */ = {
			isa = XCBuildConfiguration;
			buildSettings = {
				BUNDLE_LOADER = "$(TEST_HOST)";
				CODE_SIGN_STYLE = Automatic;
				DEVELOPMENT_TEAM = P7DFWNNEL3;
				INFOPLIST_FILE = NetworkRequestTests/Info.plist;
				LD_RUNPATH_SEARCH_PATHS = (
					"$(inherited)",
					"@executable_path/Frameworks",
					"@loader_path/Frameworks",
				);
				PRODUCT_BUNDLE_IDENTIFIER = io.github.chadarutherford.NetworkRequestTests;
				PRODUCT_NAME = "$(TARGET_NAME)";
				SWIFT_VERSION = 5.0;
				TARGETED_DEVICE_FAMILY = "1,2";
				TEST_HOST = "$(BUILT_PRODUCTS_DIR)/NetworkRequest.app/NetworkRequest";
			};
			name = Release;
		};
/* End XCBuildConfiguration section */

/* Begin XCConfigurationList section */
		63F21D8A251E31FC0047FC87 /* Build configuration list for PBXProject "NetworkRequest" */ = {
			isa = XCConfigurationList;
			buildConfigurations = (
				63F21DA1251E31FD0047FC87 /* Debug */,
				63F21DA2251E31FD0047FC87 /* Release */,
			);
			defaultConfigurationIsVisible = 0;
			defaultConfigurationName = Release;
		};
		63F21DA3251E31FD0047FC87 /* Build configuration list for PBXNativeTarget "NetworkRequest" */ = {
			isa = XCConfigurationList;
			buildConfigurations = (
				63F21DA4251E31FD0047FC87 /* Debug */,
				63F21DA5251E31FD0047FC87 /* Release */,
			);
			defaultConfigurationIsVisible = 0;
			defaultConfigurationName = Release;
		};
		63F21DB2251E32160047FC87 /* Build configuration list for PBXNativeTarget "NetworkRequestTests" */ = {
			isa = XCConfigurationList;
			buildConfigurations = (
				63F21DB3251E32160047FC87 /* Debug */,
				63F21DB4251E32160047FC87 /* Release */,
			);
			defaultConfigurationIsVisible = 0;
			defaultConfigurationName = Release;
		};
/* End XCConfigurationList section */
	};
	rootObject = 63F21D87251E31FC0047FC87 /* Project object */;
}
