// !$*UTF8*$!
{
	archiveVersion = 1;
	classes = {
	};
	objectVersion = 52;
	objects = {

/* Begin PBXBuildFile section */
		631C6ABB251D4D20009D790B /* AppDelegate.swift in Sources */ = {isa = PBXBuildFile; fileRef = 631C6ABA251D4D20009D790B /* AppDelegate.swift */; };
		631C6ABD251D4D20009D790B /* SceneDelegate.swift in Sources */ = {isa = PBXBuildFile; fileRef = 631C6ABC251D4D20009D790B /* SceneDelegate.swift */; };
		631C6AC2251D4D20009D790B /* Main.storyboard in Resources */ = {isa = PBXBuildFile; fileRef = 631C6AC0251D4D20009D790B /* Main.storyboard */; };
		631C6AC4251D4D21009D790B /* Assets.xcassets in Resources */ = {isa = PBXBuildFile; fileRef = 631C6AC3251D4D21009D790B /* Assets.xcassets */; };
		631C6AC7251D4D21009D790B /* LaunchScreen.storyboard in Resources */ = {isa = PBXBuildFile; fileRef = 631C6AC5251D4D21009D790B /* LaunchScreen.storyboard */; };
		631C6AD3251D4D90009D790B /* ViewController.swift in Sources */ = {isa = PBXBuildFile; fileRef = 631C6AD2251D4D90009D790B /* ViewController.swift */; };
		631C6AEC251D4F79009D790B /* ViewControllerTests.swift in Sources */ = {isa = PBXBuildFile; fileRef = 631C6AEB251D4F79009D790B /* ViewControllerTests.swift */; };
		631C6AF8251D51AD009D790B /* TestingHelpers.swift in Sources */ = {isa = PBXBuildFile; fileRef = 631C6AF7251D51AD009D790B /* TestingHelpers.swift */; };
		63F61B4C251E080C00F7F154 /* ViewControllerPresentationSpy.framework in Frameworks */ = {isa = PBXBuildFile; fileRef = 63F61B4B251E080C00F7F154 /* ViewControllerPresentationSpy.framework */; platformFilter = ios; };
		63F61B51251E088D00F7F154 /* ViewControllerPresentationSpy.framework in CopyFiles */ = {isa = PBXBuildFile; fileRef = 63F61B4B251E080C00F7F154 /* ViewControllerPresentationSpy.framework */; platformFilter = ios; };
/* End PBXBuildFile section */

/* Begin PBXContainerItemProxy section */
		631C6AE2251D4E1B009D790B /* PBXContainerItemProxy */ = {
			isa = PBXContainerItemProxy;
			containerPortal = 631C6AAF251D4D20009D790B /* Project object */;
			proxyType = 1;
			remoteGlobalIDString = 631C6AB6251D4D20009D790B;
			remoteInfo = Alert;
		};
/* End PBXContainerItemProxy section */

/* Begin PBXCopyFilesBuildPhase section */
		631C6AF3251D514F009D790B /* CopyFiles */ = {
			isa = PBXCopyFilesBuildPhase;
			buildActionMask = 2147483647;
			dstPath = "";
			dstSubfolderSpec = 16;
			files = (
				63F61B51251E088D00F7F154 /* ViewControllerPresentationSpy.framework in CopyFiles */,
			);
			runOnlyForDeploymentPostprocessing = 0;
		};
/* End PBXCopyFilesBuildPhase section */

/* Begin PBXFileReference section */
		631C6AB7251D4D20009D790B /* Alert.app */ = {isa = PBXFileReference; explicitFileType = wrapper.application; includeInIndex = 0; path = Alert.app; sourceTree = BUILT_PRODUCTS_DIR; };
		631C6ABA251D4D20009D790B /* AppDelegate.swift */ = {isa = PBXFileReference; lastKnownFileType = sourcecode.swift; path = AppDelegate.swift; sourceTree = "<group>"; };
		631C6ABC251D4D20009D790B /* SceneDelegate.swift */ = {isa = PBXFileReference; lastKnownFileType = sourcecode.swift; path = SceneDelegate.swift; sourceTree = "<group>"; };
		631C6AC1251D4D20009D790B /* Base */ = {isa = PBXFileReference; lastKnownFileType = file.storyboard; name = Base; path = Base.lproj/Main.storyboard; sourceTree = "<group>"; };
		631C6AC3251D4D21009D790B /* Assets.xcassets */ = {isa = PBXFileReference; lastKnownFileType = folder.assetcatalog; path = Assets.xcassets; sourceTree = "<group>"; };
		631C6AC6251D4D21009D790B /* Base */ = {isa = PBXFileReference; lastKnownFileType = file.storyboard; name = Base; path = Base.lproj/LaunchScreen.storyboard; sourceTree = "<group>"; };
		631C6AC8251D4D21009D790B /* Info.plist */ = {isa = PBXFileReference; lastKnownFileType = text.plist.xml; path = Info.plist; sourceTree = "<group>"; };
		631C6AD2251D4D90009D790B /* ViewController.swift */ = {isa = PBXFileReference; lastKnownFileType = sourcecode.swift; path = ViewController.swift; sourceTree = "<group>"; };
		631C6ADD251D4E1B009D790B /* AlertTests.xctest */ = {isa = PBXFileReference; explicitFileType = wrapper.cfbundle; includeInIndex = 0; path = AlertTests.xctest; sourceTree = BUILT_PRODUCTS_DIR; };
		631C6AE1251D4E1B009D790B /* Info.plist */ = {isa = PBXFileReference; lastKnownFileType = text.plist.xml; path = Info.plist; sourceTree = "<group>"; };
		631C6AEB251D4F79009D790B /* ViewControllerTests.swift */ = {isa = PBXFileReference; lastKnownFileType = sourcecode.swift; path = ViewControllerTests.swift; sourceTree = "<group>"; };
		631C6AF7251D51AD009D790B /* TestingHelpers.swift */ = {isa = PBXFileReference; lastKnownFileType = sourcecode.swift; path = TestingHelpers.swift; sourceTree = "<group>"; };
		63F61B4B251E080C00F7F154 /* ViewControllerPresentationSpy.framework */ = {isa = PBXFileReference; lastKnownFileType = wrapper.framework; path = ViewControllerPresentationSpy.framework; sourceTree = "<group>"; };
/* End PBXFileReference section */

/* Begin PBXFrameworksBuildPhase section */
		631C6AB4251D4D20009D790B /* Frameworks */ = {
			isa = PBXFrameworksBuildPhase;
			buildActionMask = 2147483647;
			files = (
			);
			runOnlyForDeploymentPostprocessing = 0;
		};
		631C6ADA251D4E1B009D790B /* Frameworks */ = {
			isa = PBXFrameworksBuildPhase;
			buildActionMask = 2147483647;
			files = (
				63F61B4C251E080C00F7F154 /* ViewControllerPresentationSpy.framework in Frameworks */,
			);
			runOnlyForDeploymentPostprocessing = 0;
		};
/* End PBXFrameworksBuildPhase section */

/* Begin PBXGroup section */
		631C6AAE251D4D20009D790B = {
			isa = PBXGroup;
			children = (
				631C6AB9251D4D20009D790B /* Alert */,
				631C6ADE251D4E1B009D790B /* AlertTests */,
				631C6AB8251D4D20009D790B /* Products */,
			);
			sourceTree = "<group>";
		};
		631C6AB8251D4D20009D790B /* Products */ = {
			isa = PBXGroup;
			children = (
				631C6AB7251D4D20009D790B /* Alert.app */,
				631C6ADD251D4E1B009D790B /* AlertTests.xctest */,
			);
			name = Products;
			sourceTree = "<group>";
		};
		631C6AB9251D4D20009D790B /* Alert */ = {
			isa = PBXGroup;
			children = (
				631C6AD6251D4DA4009D790B /* View */,
				631C6AD1251D4D67009D790B /* Controller */,
				631C6ACF251D4D42009D790B /* Support */,
			);
			path = Alert;
			sourceTree = "<group>";
		};
		631C6ACF251D4D42009D790B /* Support */ = {
			isa = PBXGroup;
			children = (
				631C6AD0251D4D47009D790B /* App Lifecycle */,
				631C6AC3251D4D21009D790B /* Assets.xcassets */,
				631C6AC8251D4D21009D790B /* Info.plist */,
			);
			path = Support;
			sourceTree = "<group>";
		};
		631C6AD0251D4D47009D790B /* App Lifecycle */ = {
			isa = PBXGroup;
			children = (
				631C6ABA251D4D20009D790B /* AppDelegate.swift */,
				631C6ABC251D4D20009D790B /* SceneDelegate.swift */,
			);
			path = "App Lifecycle";
			sourceTree = "<group>";
		};
		631C6AD1251D4D67009D790B /* Controller */ = {
			isa = PBXGroup;
			children = (
				631C6AD2251D4D90009D790B /* ViewController.swift */,
			);
			path = Controller;
			sourceTree = "<group>";
		};
		631C6AD6251D4DA4009D790B /* View */ = {
			isa = PBXGroup;
			children = (
				631C6AD7251D4DAA009D790B /* Storyboards */,
			);
			path = View;
			sourceTree = "<group>";
		};
		631C6AD7251D4DAA009D790B /* Storyboards */ = {
			isa = PBXGroup;
			children = (
				631C6AC0251D4D20009D790B /* Main.storyboard */,
				631C6AC5251D4D21009D790B /* LaunchScreen.storyboard */,
			);
			path = Storyboards;
			sourceTree = "<group>";
		};
		631C6ADE251D4E1B009D790B /* AlertTests */ = {
			isa = PBXGroup;
			children = (
				63F61B4B251E080C00F7F154 /* ViewControllerPresentationSpy.framework */,
				631C6AEB251D4F79009D790B /* ViewControllerTests.swift */,
				631C6AF7251D51AD009D790B /* TestingHelpers.swift */,
				631C6AE1251D4E1B009D790B /* Info.plist */,
			);
			path = AlertTests;
			sourceTree = "<group>";
		};
/* End PBXGroup section */

/* Begin PBXNativeTarget section */
		631C6AB6251D4D20009D790B /* Alert */ = {
			isa = PBXNativeTarget;
			buildConfigurationList = 631C6ACB251D4D21009D790B /* Build configuration list for PBXNativeTarget "Alert" */;
			buildPhases = (
				631C6AB3251D4D20009D790B /* Sources */,
				631C6AB4251D4D20009D790B /* Frameworks */,
				631C6AB5251D4D20009D790B /* Resources */,
			);
			buildRules = (
			);
			dependencies = (
			);
			name = Alert;
			productName = Alert;
			productReference = 631C6AB7251D4D20009D790B /* Alert.app */;
			productType = "com.apple.product-type.application";
		};
		631C6ADC251D4E1B009D790B /* AlertTests */ = {
			isa = PBXNativeTarget;
			buildConfigurationList = 631C6AE4251D4E1B009D790B /* Build configuration list for PBXNativeTarget "AlertTests" */;
			buildPhases = (
				631C6AD9251D4E1B009D790B /* Sources */,
				631C6ADA251D4E1B009D790B /* Frameworks */,
				631C6ADB251D4E1B009D790B /* Resources */,
				631C6AF3251D514F009D790B /* CopyFiles */,
			);
			buildRules = (
			);
			dependencies = (
				631C6AE3251D4E1B009D790B /* PBXTargetDependency */,
			);
			name = AlertTests;
			productName = AlertTests;
			productReference = 631C6ADD251D4E1B009D790B /* AlertTests.xctest */;
			productType = "com.apple.product-type.bundle.unit-test";
		};
/* End PBXNativeTarget section */

/* Begin PBXProject section */
		631C6AAF251D4D20009D790B /* Project object */ = {
			isa = PBXProject;
			attributes = {
				LastSwiftUpdateCheck = 1200;
				LastUpgradeCheck = 1200;
				TargetAttributes = {
					631C6AB6251D4D20009D790B = {
						CreatedOnToolsVersion = 12.0;
					};
					631C6ADC251D4E1B009D790B = {
						CreatedOnToolsVersion = 12.0;
						LastSwiftMigration = 1200;
						TestTargetID = 631C6AB6251D4D20009D790B;
					};
				};
			};
			buildConfigurationList = 631C6AB2251D4D20009D790B /* Build configuration list for PBXProject "Alert" */;
			compatibilityVersion = "Xcode 9.3";
			developmentRegion = en;
			hasScannedForEncodings = 0;
			knownRegions = (
				en,
				Base,
			);
			mainGroup = 631C6AAE251D4D20009D790B;
			productRefGroup = 631C6AB8251D4D20009D790B /* Products */;
			projectDirPath = "";
			projectRoot = "";
			targets = (
				631C6AB6251D4D20009D790B /* Alert */,
				631C6ADC251D4E1B009D790B /* AlertTests */,
			);
		};
/* End PBXProject section */

/* Begin PBXResourcesBuildPhase section */
		631C6AB5251D4D20009D790B /* Resources */ = {
			isa = PBXResourcesBuildPhase;
			buildActionMask = 2147483647;
			files = (
				631C6AC7251D4D21009D790B /* LaunchScreen.storyboard in Resources */,
				631C6AC4251D4D21009D790B /* Assets.xcassets in Resources */,
				631C6AC2251D4D20009D790B /* Main.storyboard in Resources */,
			);
			runOnlyForDeploymentPostprocessing = 0;
		};
		631C6ADB251D4E1B009D790B /* Resources */ = {
			isa = PBXResourcesBuildPhase;
			buildActionMask = 2147483647;
			files = (
			);
			runOnlyForDeploymentPostprocessing = 0;
		};
/* End PBXResourcesBuildPhase section */

/* Begin PBXSourcesBuildPhase section */
		631C6AB3251D4D20009D790B /* Sources */ = {
			isa = PBXSourcesBuildPhase;
			buildActionMask = 2147483647;
			files = (
				631C6AD3251D4D90009D790B /* ViewController.swift in Sources */,
				631C6ABB251D4D20009D790B /* AppDelegate.swift in Sources */,
				631C6ABD251D4D20009D790B /* SceneDelegate.swift in Sources */,
			);
			runOnlyForDeploymentPostprocessing = 0;
		};
		631C6AD9251D4E1B009D790B /* Sources */ = {
			isa = PBXSourcesBuildPhase;
			buildActionMask = 2147483647;
			files = (
				631C6AF8251D51AD009D790B /* TestingHelpers.swift in Sources */,
				631C6AEC251D4F79009D790B /* ViewControllerTests.swift in Sources */,
			);
			runOnlyForDeploymentPostprocessing = 0;
		};
/* End PBXSourcesBuildPhase section */

/* Begin PBXTargetDependency section */
		631C6AE3251D4E1B009D790B /* PBXTargetDependency */ = {
			isa = PBXTargetDependency;
			target = 631C6AB6251D4D20009D790B /* Alert */;
			targetProxy = 631C6AE2251D4E1B009D790B /* PBXContainerItemProxy */;
		};
/* End PBXTargetDependency section */

/* Begin PBXVariantGroup section */
		631C6AC0251D4D20009D790B /* Main.storyboard */ = {
			isa = PBXVariantGroup;
			children = (
				631C6AC1251D4D20009D790B /* Base */,
			);
			name = Main.storyboard;
			sourceTree = "<group>";
		};
		631C6AC5251D4D21009D790B /* LaunchScreen.storyboard */ = {
			isa = PBXVariantGroup;
			children = (
				631C6AC6251D4D21009D790B /* Base */,
			);
			name = LaunchScreen.storyboard;
			sourceTree = "<group>";
		};
/* End PBXVariantGroup section */

/* Begin XCBuildConfiguration section */
		631C6AC9251D4D21009D790B /* Debug */ = {
			isa = XCBuildConfiguration;
			buildSettings = {
				ALWAYS_SEARCH_USER_PATHS = NO;
				CLANG_ANALYZER_NONNULL = YES;
				CLANG_ANALYZER_NUMBER_OBJECT_CONVERSION = YES_AGGRESSIVE;
				CLANG_CXX_LANGUAGE_STANDARD = "gnu++14";
				CLANG_CXX_LIBRARY = "libc++";
				CLANG_ENABLE_MODULES = YES;
				CLANG_ENABLE_OBJC_ARC = YES;
				CLANG_ENABLE_OBJC_WEAK = YES;
				CLANG_WARN_BLOCK_CAPTURE_AUTORELEASING = YES;
				CLANG_WARN_BOOL_CONVERSION = YES;
				CLANG_WARN_COMMA = YES;
				CLANG_WARN_CONSTANT_CONVERSION = YES;
				CLANG_WARN_DEPRECATED_OBJC_IMPLEMENTATIONS = YES;
				CLANG_WARN_DIRECT_OBJC_ISA_USAGE = YES_ERROR;
				CLANG_WARN_DOCUMENTATION_COMMENTS = YES;
				CLANG_WARN_EMPTY_BODY = YES;
				CLANG_WARN_ENUM_CONVERSION = YES;
				CLANG_WARN_INFINITE_RECURSION = YES;
				CLANG_WARN_INT_CONVERSION = YES;
				CLANG_WARN_NON_LITERAL_NULL_CONVERSION = YES;
				CLANG_WARN_OBJC_IMPLICIT_RETAIN_SELF = YES;
				CLANG_WARN_OBJC_LITERAL_CONVERSION = YES;
				CLANG_WARN_OBJC_ROOT_CLASS = YES_ERROR;
				CLANG_WARN_QUOTED_INCLUDE_IN_FRAMEWORK_HEADER = YES;
				CLANG_WARN_RANGE_LOOP_ANALYSIS = YES;
				CLANG_WARN_STRICT_PROTOTYPES = YES;
				CLANG_WARN_SUSPICIOUS_MOVE = YES;
				CLANG_WARN_UNGUARDED_AVAILABILITY = YES_AGGRESSIVE;
				CLANG_WARN_UNREACHABLE_CODE = YES;
				CLANG_WARN__DUPLICATE_METHOD_MATCH = YES;
				COPY_PHASE_STRIP = NO;
				DEBUG_INFORMATION_FORMAT = dwarf;
				ENABLE_STRICT_OBJC_MSGSEND = YES;
				ENABLE_TESTABILITY = YES;
				GCC_C_LANGUAGE_STANDARD = gnu11;
				GCC_DYNAMIC_NO_PIC = NO;
				GCC_NO_COMMON_BLOCKS = YES;
				GCC_OPTIMIZATION_LEVEL = 0;
				GCC_PREPROCESSOR_DEFINITIONS = (
					"DEBUG=1",
					"$(inherited)",
				);
				GCC_WARN_64_TO_32_BIT_CONVERSION = YES;
				GCC_WARN_ABOUT_RETURN_TYPE = YES_ERROR;
				GCC_WARN_UNDECLARED_SELECTOR = YES;
				GCC_WARN_UNINITIALIZED_AUTOS = YES_AGGRESSIVE;
				GCC_WARN_UNUSED_FUNCTION = YES;
				GCC_WARN_UNUSED_VARIABLE = YES;
				IPHONEOS_DEPLOYMENT_TARGET = 14.0;
				MTL_ENABLE_DEBUG_INFO = INCLUDE_SOURCE;
				MTL_FAST_MATH = YES;
				ONLY_ACTIVE_ARCH = YES;
				SDKROOT = iphoneos;
				SWIFT_ACTIVE_COMPILATION_CONDITIONS = DEBUG;
				SWIFT_OPTIMIZATION_LEVEL = "-Onone";
			};
			name = Debug;
		};
		631C6ACA251D4D21009D790B /* Release */ = {
			isa = XCBuildConfiguration;
			buildSettings = {
				ALWAYS_SEARCH_USER_PATHS = NO;
				CLANG_ANALYZER_NONNULL = YES;
				CLANG_ANALYZER_NUMBER_OBJECT_CONVERSION = YES_AGGRESSIVE;
				CLANG_CXX_LANGUAGE_STANDARD = "gnu++14";
				CLANG_CXX_LIBRARY = "libc++";
				CLANG_ENABLE_MODULES = YES;
				CLANG_ENABLE_OBJC_ARC = YES;
				CLANG_ENABLE_OBJC_WEAK = YES;
				CLANG_WARN_BLOCK_CAPTURE_AUTORELEASING = YES;
				CLANG_WARN_BOOL_CONVERSION = YES;
				CLANG_WARN_COMMA = YES;
				CLANG_WARN_CONSTANT_CONVERSION = YES;
				CLANG_WARN_DEPRECATED_OBJC_IMPLEMENTATIONS = YES;
				CLANG_WARN_DIRECT_OBJC_ISA_USAGE = YES_ERROR;
				CLANG_WARN_DOCUMENTATION_COMMENTS = YES;
				CLANG_WARN_EMPTY_BODY = YES;
				CLANG_WARN_ENUM_CONVERSION = YES;
				CLANG_WARN_INFINITE_RECURSION = YES;
				CLANG_WARN_INT_CONVERSION = YES;
				CLANG_WARN_NON_LITERAL_NULL_CONVERSION = YES;
				CLANG_WARN_OBJC_IMPLICIT_RETAIN_SELF = YES;
				CLANG_WARN_OBJC_LITERAL_CONVERSION = YES;
				CLANG_WARN_OBJC_ROOT_CLASS = YES_ERROR;
				CLANG_WARN_QUOTED_INCLUDE_IN_FRAMEWORK_HEADER = YES;
				CLANG_WARN_RANGE_LOOP_ANALYSIS = YES;
				CLANG_WARN_STRICT_PROTOTYPES = YES;
				CLANG_WARN_SUSPICIOUS_MOVE = YES;
				CLANG_WARN_UNGUARDED_AVAILABILITY = YES_AGGRESSIVE;
				CLANG_WARN_UNREACHABLE_CODE = YES;
				CLANG_WARN__DUPLICATE_METHOD_MATCH = YES;
				COPY_PHASE_STRIP = NO;
				DEBUG_INFORMATION_FORMAT = "dwarf-with-dsym";
				ENABLE_NS_ASSERTIONS = NO;
				ENABLE_STRICT_OBJC_MSGSEND = YES;
				GCC_C_LANGUAGE_STANDARD = gnu11;
				GCC_NO_COMMON_BLOCKS = YES;
				GCC_WARN_64_TO_32_BIT_CONVERSION = YES;
				GCC_WARN_ABOUT_RETURN_TYPE = YES_ERROR;
				GCC_WARN_UNDECLARED_SELECTOR = YES;
				GCC_WARN_UNINITIALIZED_AUTOS = YES_AGGRESSIVE;
				GCC_WARN_UNUSED_FUNCTION = YES;
				GCC_WARN_UNUSED_VARIABLE = YES;
				IPHONEOS_DEPLOYMENT_TARGET = 14.0;
				MTL_ENABLE_DEBUG_INFO = NO;
				MTL_FAST_MATH = YES;
				SDKROOT = iphoneos;
				SWIFT_COMPILATION_MODE = wholemodule;
				SWIFT_OPTIMIZATION_LEVEL = "-O";
				VALIDATE_PRODUCT = YES;
			};
			name = Release;
		};
		631C6ACC251D4D21009D790B /* Debug */ = {
			isa = XCBuildConfiguration;
			buildSettings = {
				ASSETCATALOG_COMPILER_APPICON_NAME = AppIcon;
				ASSETCATALOG_COMPILER_GLOBAL_ACCENT_COLOR_NAME = AccentColor;
				CODE_SIGN_STYLE = Automatic;
				DEVELOPMENT_TEAM = P7DFWNNEL3;
				INFOPLIST_FILE = Alert/Support/Info.plist;
				LD_RUNPATH_SEARCH_PATHS = (
					"$(inherited)",
					"@executable_path/Frameworks",
				);
				PRODUCT_BUNDLE_IDENTIFIER = io.github.chadarutherford.Alert;
				PRODUCT_NAME = "$(TARGET_NAME)";
				SWIFT_VERSION = 5.0;
				TARGETED_DEVICE_FAMILY = "1,2";
			};
			name = Debug;
		};
		631C6ACD251D4D21009D790B /* Release */ = {
			isa = XCBuildConfiguration;
			buildSettings = {
				ASSETCATALOG_COMPILER_APPICON_NAME = AppIcon;
				ASSETCATALOG_COMPILER_GLOBAL_ACCENT_COLOR_NAME = AccentColor;
				CODE_SIGN_STYLE = Automatic;
				DEVELOPMENT_TEAM = P7DFWNNEL3;
				INFOPLIST_FILE = Alert/Support/Info.plist;
				LD_RUNPATH_SEARCH_PATHS = (
					"$(inherited)",
					"@executable_path/Frameworks",
				);
				PRODUCT_BUNDLE_IDENTIFIER = io.github.chadarutherford.Alert;
				PRODUCT_NAME = "$(TARGET_NAME)";
				SWIFT_VERSION = 5.0;
				TARGETED_DEVICE_FAMILY = "1,2";
			};
			name = Release;
		};
		631C6AE5251D4E1B009D790B /* Debug */ = {
			isa = XCBuildConfiguration;
			buildSettings = {
				BUNDLE_LOADER = "$(TEST_HOST)";
				CLANG_ENABLE_MODULES = YES;
				CODE_SIGN_STYLE = Automatic;
				DEVELOPMENT_TEAM = P7DFWNNEL3;
				FRAMEWORK_SEARCH_PATHS = (
					"$(inherited)",
					"$(PROJECT_DIR)/AlertTests",
				);
				INFOPLIST_FILE = AlertTests/Info.plist;
				LD_RUNPATH_SEARCH_PATHS = (
					"$(inherited)",
					"@executable_path/Frameworks",
					"@loader_path/Frameworks",
				);
				PRODUCT_BUNDLE_IDENTIFIER = io.github.chadarutherford.AlertTests;
				PRODUCT_NAME = "$(TARGET_NAME)";
				SWIFT_OPTIMIZATION_LEVEL = "-Onone";
				SWIFT_VERSION = 5.0;
				TARGETED_DEVICE_FAMILY = "1,2";
				TEST_HOST = "$(BUILT_PRODUCTS_DIR)/Alert.app/Alert";
			};
			name = Debug;
		};
		631C6AE6251D4E1B009D790B /* Release */ = {
			isa = XCBuildConfiguration;
			buildSettings = {
				BUNDLE_LOADER = "$(TEST_HOST)";
				CLANG_ENABLE_MODULES = YES;
				CODE_SIGN_STYLE = Automatic;
				DEVELOPMENT_TEAM = P7DFWNNEL3;
				FRAMEWORK_SEARCH_PATHS = (
					"$(inherited)",
					"$(PROJECT_DIR)/AlertTests",
				);
				INFOPLIST_FILE = AlertTests/Info.plist;
				LD_RUNPATH_SEARCH_PATHS = (
					"$(inherited)",
					"@executable_path/Frameworks",
					"@loader_path/Frameworks",
				);
				PRODUCT_BUNDLE_IDENTIFIER = io.github.chadarutherford.AlertTests;
				PRODUCT_NAME = "$(TARGET_NAME)";
				SWIFT_VERSION = 5.0;
				TARGETED_DEVICE_FAMILY = "1,2";
				TEST_HOST = "$(BUILT_PRODUCTS_DIR)/Alert.app/Alert";
			};
			name = Release;
		};
/* End XCBuildConfiguration section */

/* Begin XCConfigurationList section */
		631C6AB2251D4D20009D790B /* Build configuration list for PBXProject "Alert" */ = {
			isa = XCConfigurationList;
			buildConfigurations = (
				631C6AC9251D4D21009D790B /* Debug */,
				631C6ACA251D4D21009D790B /* Release */,
			);
			defaultConfigurationIsVisible = 0;
			defaultConfigurationName = Release;
		};
		631C6ACB251D4D21009D790B /* Build configuration list for PBXNativeTarget "Alert" */ = {
			isa = XCConfigurationList;
			buildConfigurations = (
				631C6ACC251D4D21009D790B /* Debug */,
				631C6ACD251D4D21009D790B /* Release */,
			);
			defaultConfigurationIsVisible = 0;
			defaultConfigurationName = Release;
		};
		631C6AE4251D4E1B009D790B /* Build configuration list for PBXNativeTarget "AlertTests" */ = {
			isa = XCConfigurationList;
			buildConfigurations = (
				631C6AE5251D4E1B009D790B /* Debug */,
				631C6AE6251D4E1B009D790B /* Release */,
			);
			defaultConfigurationIsVisible = 0;
			defaultConfigurationName = Release;
		};
/* End XCConfigurationList section */
	};
	rootObject = 631C6AAF251D4D20009D790B /* Project object */;
}
