// !$*UTF8*$!
{
	archiveVersion = 1;
	classes = {
	};
	objectVersion = 50;
	objects = {

/* Begin PBXBuildFile section */
		63700398251E2058002F8C9E /* AppDelegate.swift in Sources */ = {isa = PBXBuildFile; fileRef = 63700397251E2058002F8C9E /* AppDelegate.swift */; };
		6370039A251E2058002F8C9E /* SceneDelegate.swift in Sources */ = {isa = PBXBuildFile; fileRef = 63700399251E2058002F8C9E /* SceneDelegate.swift */; };
		6370039C251E2058002F8C9E /* ViewController.swift in Sources */ = {isa = PBXBuildFile; fileRef = 6370039B251E2058002F8C9E /* ViewController.swift */; };
		6370039F251E2058002F8C9E /* Main.storyboard in Resources */ = {isa = PBXBuildFile; fileRef = 6370039D251E2058002F8C9E /* Main.storyboard */; };
		637003A1251E2058002F8C9E /* Assets.xcassets in Resources */ = {isa = PBXBuildFile; fileRef = 637003A0251E2058002F8C9E /* Assets.xcassets */; };
		637003A4251E2058002F8C9E /* LaunchScreen.storyboard in Resources */ = {isa = PBXBuildFile; fileRef = 637003A2251E2058002F8C9E /* LaunchScreen.storyboard */; };
		639DE708251E23B100CA781B /* UserDefaultsProtocol.swift in Sources */ = {isa = PBXBuildFile; fileRef = 639DE707251E23B100CA781B /* UserDefaultsProtocol.swift */; };
		639DE70E251E287600CA781B /* MockUserDefaults.swift in Sources */ = {isa = PBXBuildFile; fileRef = 639DE70D251E287600CA781B /* MockUserDefaults.swift */; };
		639DE714251E292000CA781B /* ViewControllerTests.swift in Sources */ = {isa = PBXBuildFile; fileRef = 639DE713251E292000CA781B /* ViewControllerTests.swift */; };
		639DE71A251E2E9800CA781B /* TestHelpers.swift in Sources */ = {isa = PBXBuildFile; fileRef = 639DE719251E2E9800CA781B /* TestHelpers.swift */; };
/* End PBXBuildFile section */

/* Begin PBXContainerItemProxy section */
		637003B5251E2065002F8C9E /* PBXContainerItemProxy */ = {
			isa = PBXContainerItemProxy;
			containerPortal = 6370038C251E2058002F8C9E /* Project object */;
			proxyType = 1;
			remoteGlobalIDString = 63700393251E2058002F8C9E;
			remoteInfo = UserDefaults;
		};
/* End PBXContainerItemProxy section */

/* Begin PBXFileReference section */
		63700394251E2058002F8C9E /* UserDefaults.app */ = {isa = PBXFileReference; explicitFileType = wrapper.application; includeInIndex = 0; path = UserDefaults.app; sourceTree = BUILT_PRODUCTS_DIR; };
		63700397251E2058002F8C9E /* AppDelegate.swift */ = {isa = PBXFileReference; lastKnownFileType = sourcecode.swift; path = AppDelegate.swift; sourceTree = "<group>"; };
		63700399251E2058002F8C9E /* SceneDelegate.swift */ = {isa = PBXFileReference; lastKnownFileType = sourcecode.swift; path = SceneDelegate.swift; sourceTree = "<group>"; };
		6370039B251E2058002F8C9E /* ViewController.swift */ = {isa = PBXFileReference; lastKnownFileType = sourcecode.swift; path = ViewController.swift; sourceTree = "<group>"; };
		6370039E251E2058002F8C9E /* Base */ = {isa = PBXFileReference; lastKnownFileType = file.storyboard; name = Base; path = Base.lproj/Main.storyboard; sourceTree = "<group>"; };
		637003A0251E2058002F8C9E /* Assets.xcassets */ = {isa = PBXFileReference; lastKnownFileType = folder.assetcatalog; path = Assets.xcassets; sourceTree = "<group>"; };
		637003A3251E2058002F8C9E /* Base */ = {isa = PBXFileReference; lastKnownFileType = file.storyboard; name = Base; path = Base.lproj/LaunchScreen.storyboard; sourceTree = "<group>"; };
		637003A5251E2058002F8C9E /* Info.plist */ = {isa = PBXFileReference; lastKnownFileType = text.plist.xml; path = Info.plist; sourceTree = "<group>"; };
		637003B0251E2065002F8C9E /* UserDefaultsTests.xctest */ = {isa = PBXFileReference; explicitFileType = wrapper.cfbundle; includeInIndex = 0; path = UserDefaultsTests.xctest; sourceTree = BUILT_PRODUCTS_DIR; };
		637003B4251E2065002F8C9E /* Info.plist */ = {isa = PBXFileReference; lastKnownFileType = text.plist.xml; path = Info.plist; sourceTree = "<group>"; };
		639DE707251E23B100CA781B /* UserDefaultsProtocol.swift */ = {isa = PBXFileReference; lastKnownFileType = sourcecode.swift; path = UserDefaultsProtocol.swift; sourceTree = "<group>"; };
		639DE70D251E287600CA781B /* MockUserDefaults.swift */ = {isa = PBXFileReference; lastKnownFileType = sourcecode.swift; path = MockUserDefaults.swift; sourceTree = "<group>"; };
		639DE713251E292000CA781B /* ViewControllerTests.swift */ = {isa = PBXFileReference; lastKnownFileType = sourcecode.swift; path = ViewControllerTests.swift; sourceTree = "<group>"; };
		639DE719251E2E9800CA781B /* TestHelpers.swift */ = {isa = PBXFileReference; lastKnownFileType = sourcecode.swift; path = TestHelpers.swift; sourceTree = "<group>"; };
/* End PBXFileReference section */

/* Begin PBXFrameworksBuildPhase section */
		63700391251E2058002F8C9E /* Frameworks */ = {
			isa = PBXFrameworksBuildPhase;
			buildActionMask = 2147483647;
			files = (
			);
			runOnlyForDeploymentPostprocessing = 0;
		};
		637003AD251E2065002F8C9E /* Frameworks */ = {
			isa = PBXFrameworksBuildPhase;
			buildActionMask = 2147483647;
			files = (
			);
			runOnlyForDeploymentPostprocessing = 0;
		};
/* End PBXFrameworksBuildPhase section */

/* Begin PBXGroup section */
		6370038B251E2058002F8C9E = {
			isa = PBXGroup;
			children = (
				63700396251E2058002F8C9E /* UserDefaults */,
				637003B1251E2065002F8C9E /* UserDefaultsTests */,
				63700395251E2058002F8C9E /* Products */,
			);
			sourceTree = "<group>";
		};
		63700395251E2058002F8C9E /* Products */ = {
			isa = PBXGroup;
			children = (
				63700394251E2058002F8C9E /* UserDefaults.app */,
				637003B0251E2065002F8C9E /* UserDefaultsTests.xctest */,
			);
			name = Products;
			sourceTree = "<group>";
		};
		63700396251E2058002F8C9E /* UserDefaults */ = {
			isa = PBXGroup;
			children = (
				637003C6251E20BD002F8C9E /* View */,
				637003C5251E20B3002F8C9E /* Controller */,
				639DE706251E239E00CA781B /* Protocols */,
				637003C0251E2088002F8C9E /* Support */,
			);
			path = UserDefaults;
			sourceTree = "<group>";
		};
		637003B1251E2065002F8C9E /* UserDefaultsTests */ = {
			isa = PBXGroup;
			children = (
				639DE713251E292000CA781B /* ViewControllerTests.swift */,
				639DE70D251E287600CA781B /* MockUserDefaults.swift */,
				637003B4251E2065002F8C9E /* Info.plist */,
				639DE719251E2E9800CA781B /* TestHelpers.swift */,
			);
			path = UserDefaultsTests;
			sourceTree = "<group>";
		};
		637003C0251E2088002F8C9E /* Support */ = {
			isa = PBXGroup;
			children = (
				637003C1251E208F002F8C9E /* App Lifecycle */,
				637003A0251E2058002F8C9E /* Assets.xcassets */,
				637003A5251E2058002F8C9E /* Info.plist */,
			);
			path = Support;
			sourceTree = "<group>";
		};
		637003C1251E208F002F8C9E /* App Lifecycle */ = {
			isa = PBXGroup;
			children = (
				63700397251E2058002F8C9E /* AppDelegate.swift */,
				63700399251E2058002F8C9E /* SceneDelegate.swift */,
			);
			path = "App Lifecycle";
			sourceTree = "<group>";
		};
		637003C5251E20B3002F8C9E /* Controller */ = {
			isa = PBXGroup;
			children = (
				6370039B251E2058002F8C9E /* ViewController.swift */,
			);
			path = Controller;
			sourceTree = "<group>";
		};
		637003C6251E20BD002F8C9E /* View */ = {
			isa = PBXGroup;
			children = (
				637003C7251E20C3002F8C9E /* Storyboards */,
			);
			path = View;
			sourceTree = "<group>";
		};
		637003C7251E20C3002F8C9E /* Storyboards */ = {
			isa = PBXGroup;
			children = (
				6370039D251E2058002F8C9E /* Main.storyboard */,
				637003A2251E2058002F8C9E /* LaunchScreen.storyboard */,
			);
			path = Storyboards;
			sourceTree = "<group>";
		};
		639DE706251E239E00CA781B /* Protocols */ = {
			isa = PBXGroup;
			children = (
				639DE707251E23B100CA781B /* UserDefaultsProtocol.swift */,
			);
			path = Protocols;
			sourceTree = "<group>";
		};
/* End PBXGroup section */

/* Begin PBXNativeTarget section */
		63700393251E2058002F8C9E /* UserDefaults */ = {
			isa = PBXNativeTarget;
			buildConfigurationList = 637003A8251E2058002F8C9E /* Build configuration list for PBXNativeTarget "UserDefaults" */;
			buildPhases = (
				63700390251E2058002F8C9E /* Sources */,
				63700391251E2058002F8C9E /* Frameworks */,
				63700392251E2058002F8C9E /* Resources */,
			);
			buildRules = (
			);
			dependencies = (
			);
			name = UserDefaults;
			productName = UserDefaults;
			productReference = 63700394251E2058002F8C9E /* UserDefaults.app */;
			productType = "com.apple.product-type.application";
		};
		637003AF251E2065002F8C9E /* UserDefaultsTests */ = {
			isa = PBXNativeTarget;
			buildConfigurationList = 637003B7251E2065002F8C9E /* Build configuration list for PBXNativeTarget "UserDefaultsTests" */;
			buildPhases = (
				637003AC251E2065002F8C9E /* Sources */,
				637003AD251E2065002F8C9E /* Frameworks */,
				637003AE251E2065002F8C9E /* Resources */,
			);
			buildRules = (
			);
			dependencies = (
				637003B6251E2065002F8C9E /* PBXTargetDependency */,
			);
			name = UserDefaultsTests;
			productName = UserDefaultsTests;
			productReference = 637003B0251E2065002F8C9E /* UserDefaultsTests.xctest */;
			productType = "com.apple.product-type.bundle.unit-test";
		};
/* End PBXNativeTarget section */

/* Begin PBXProject section */
		6370038C251E2058002F8C9E /* Project object */ = {
			isa = PBXProject;
			attributes = {
				LastSwiftUpdateCheck = 1200;
				LastUpgradeCheck = 1200;
				TargetAttributes = {
					63700393251E2058002F8C9E = {
						CreatedOnToolsVersion = 12.0;
					};
					637003AF251E2065002F8C9E = {
						CreatedOnToolsVersion = 12.0;
						LastSwiftMigration = 1200;
						TestTargetID = 63700393251E2058002F8C9E;
					};
				};
			};
			buildConfigurationList = 6370038F251E2058002F8C9E /* Build configuration list for PBXProject "UserDefaults" */;
			compatibilityVersion = "Xcode 9.3";
			developmentRegion = en;
			hasScannedForEncodings = 0;
			knownRegions = (
				en,
				Base,
			);
			mainGroup = 6370038B251E2058002F8C9E;
			productRefGroup = 63700395251E2058002F8C9E /* Products */;
			projectDirPath = "";
			projectRoot = "";
			targets = (
				63700393251E2058002F8C9E /* UserDefaults */,
				637003AF251E2065002F8C9E /* UserDefaultsTests */,
			);
		};
/* End PBXProject section */

/* Begin PBXResourcesBuildPhase section */
		63700392251E2058002F8C9E /* Resources */ = {
			isa = PBXResourcesBuildPhase;
			buildActionMask = 2147483647;
			files = (
				637003A4251E2058002F8C9E /* LaunchScreen.storyboard in Resources */,
				637003A1251E2058002F8C9E /* Assets.xcassets in Resources */,
				6370039F251E2058002F8C9E /* Main.storyboard in Resources */,
			);
			runOnlyForDeploymentPostprocessing = 0;
		};
		637003AE251E2065002F8C9E /* Resources */ = {
			isa = PBXResourcesBuildPhase;
			buildActionMask = 2147483647;
			files = (
			);
			runOnlyForDeploymentPostprocessing = 0;
		};
/* End PBXResourcesBuildPhase section */

/* Begin PBXSourcesBuildPhase section */
		63700390251E2058002F8C9E /* Sources */ = {
			isa = PBXSourcesBuildPhase;
			buildActionMask = 2147483647;
			files = (
				6370039C251E2058002F8C9E /* ViewController.swift in Sources */,
				63700398251E2058002F8C9E /* AppDelegate.swift in Sources */,
				639DE708251E23B100CA781B /* UserDefaultsProtocol.swift in Sources */,
				6370039A251E2058002F8C9E /* SceneDelegate.swift in Sources */,
			);
			runOnlyForDeploymentPostprocessing = 0;
		};
		637003AC251E2065002F8C9E /* Sources */ = {
			isa = PBXSourcesBuildPhase;
			buildActionMask = 2147483647;
			files = (
				639DE714251E292000CA781B /* ViewControllerTests.swift in Sources */,
				639DE70E251E287600CA781B /* MockUserDefaults.swift in Sources */,
				639DE71A251E2E9800CA781B /* TestHelpers.swift in Sources */,
			);
			runOnlyForDeploymentPostprocessing = 0;
		};
/* End PBXSourcesBuildPhase section */

/* Begin PBXTargetDependency section */
		637003B6251E2065002F8C9E /* PBXTargetDependency */ = {
			isa = PBXTargetDependency;
			target = 63700393251E2058002F8C9E /* UserDefaults */;
			targetProxy = 637003B5251E2065002F8C9E /* PBXContainerItemProxy */;
		};
/* End PBXTargetDependency section */

/* Begin PBXVariantGroup section */
		6370039D251E2058002F8C9E /* Main.storyboard */ = {
			isa = PBXVariantGroup;
			children = (
				6370039E251E2058002F8C9E /* Base */,
			);
			name = Main.storyboard;
			sourceTree = "<group>";
		};
		637003A2251E2058002F8C9E /* LaunchScreen.storyboard */ = {
			isa = PBXVariantGroup;
			children = (
				637003A3251E2058002F8C9E /* Base */,
			);
			name = LaunchScreen.storyboard;
			sourceTree = "<group>";
		};
/* End PBXVariantGroup section */

/* Begin XCBuildConfiguration section */
		637003A6251E2058002F8C9E /* Debug */ = {
			isa = XCBuildConfiguration;
			buildSettings = {
				ALWAYS_SEARCH_USER_PATHS = NO;
				CLANG_ANALYZER_NONNULL = YES;
				CLANG_ANALYZER_NUMBER_OBJECT_CONVERSION = YES_AGGRESSIVE;
				CLANG_CXX_LANGUAGE_STANDARD = "gnu++14";
				CLANG_CXX_LIBRARY = "libc++";
				CLANG_ENABLE_MODULES = YES;
				CLANG_ENABLE_OBJC_ARC = YES;
				CLANG_ENABLE_OBJC_WEAK = YES;
				CLANG_WARN_BLOCK_CAPTURE_AUTORELEASING = YES;
				CLANG_WARN_BOOL_CONVERSION = YES;
				CLANG_WARN_COMMA = YES;
				CLANG_WARN_CONSTANT_CONVERSION = YES;
				CLANG_WARN_DEPRECATED_OBJC_IMPLEMENTATIONS = YES;
				CLANG_WARN_DIRECT_OBJC_ISA_USAGE = YES_ERROR;
				CLANG_WARN_DOCUMENTATION_COMMENTS = YES;
				CLANG_WARN_EMPTY_BODY = YES;
				CLANG_WARN_ENUM_CONVERSION = YES;
				CLANG_WARN_INFINITE_RECURSION = YES;
				CLANG_WARN_INT_CONVERSION = YES;
				CLANG_WARN_NON_LITERAL_NULL_CONVERSION = YES;
				CLANG_WARN_OBJC_IMPLICIT_RETAIN_SELF = YES;
				CLANG_WARN_OBJC_LITERAL_CONVERSION = YES;
				CLANG_WARN_OBJC_ROOT_CLASS = YES_ERROR;
				CLANG_WARN_QUOTED_INCLUDE_IN_FRAMEWORK_HEADER = YES;
				CLANG_WARN_RANGE_LOOP_ANALYSIS = YES;
				CLANG_WARN_STRICT_PROTOTYPES = YES;
				CLANG_WARN_SUSPICIOUS_MOVE = YES;
				CLANG_WARN_UNGUARDED_AVAILABILITY = YES_AGGRESSIVE;
				CLANG_WARN_UNREACHABLE_CODE = YES;
				CLANG_WARN__DUPLICATE_METHOD_MATCH = YES;
				COPY_PHASE_STRIP = NO;
				DEBUG_INFORMATION_FORMAT = dwarf;
				ENABLE_STRICT_OBJC_MSGSEND = YES;
				ENABLE_TESTABILITY = YES;
				GCC_C_LANGUAGE_STANDARD = gnu11;
				GCC_DYNAMIC_NO_PIC = NO;
				GCC_NO_COMMON_BLOCKS = YES;
				GCC_OPTIMIZATION_LEVEL = 0;
				GCC_PREPROCESSOR_DEFINITIONS = (
					"DEBUG=1",
					"$(inherited)",
				);
				GCC_WARN_64_TO_32_BIT_CONVERSION = YES;
				GCC_WARN_ABOUT_RETURN_TYPE = YES_ERROR;
				GCC_WARN_UNDECLARED_SELECTOR = YES;
				GCC_WARN_UNINITIALIZED_AUTOS = YES_AGGRESSIVE;
				GCC_WARN_UNUSED_FUNCTION = YES;
				GCC_WARN_UNUSED_VARIABLE = YES;
				IPHONEOS_DEPLOYMENT_TARGET = 14.0;
				MTL_ENABLE_DEBUG_INFO = INCLUDE_SOURCE;
				MTL_FAST_MATH = YES;
				ONLY_ACTIVE_ARCH = YES;
				SDKROOT = iphoneos;
				SWIFT_ACTIVE_COMPILATION_CONDITIONS = DEBUG;
				SWIFT_OPTIMIZATION_LEVEL = "-Onone";
			};
			name = Debug;
		};
		637003A7251E2058002F8C9E /* Release */ = {
			isa = XCBuildConfiguration;
			buildSettings = {
				ALWAYS_SEARCH_USER_PATHS = NO;
				CLANG_ANALYZER_NONNULL = YES;
				CLANG_ANALYZER_NUMBER_OBJECT_CONVERSION = YES_AGGRESSIVE;
				CLANG_CXX_LANGUAGE_STANDARD = "gnu++14";
				CLANG_CXX_LIBRARY = "libc++";
				CLANG_ENABLE_MODULES = YES;
				CLANG_ENABLE_OBJC_ARC = YES;
				CLANG_ENABLE_OBJC_WEAK = YES;
				CLANG_WARN_BLOCK_CAPTURE_AUTORELEASING = YES;
				CLANG_WARN_BOOL_CONVERSION = YES;
				CLANG_WARN_COMMA = YES;
				CLANG_WARN_CONSTANT_CONVERSION = YES;
				CLANG_WARN_DEPRECATED_OBJC_IMPLEMENTATIONS = YES;
				CLANG_WARN_DIRECT_OBJC_ISA_USAGE = YES_ERROR;
				CLANG_WARN_DOCUMENTATION_COMMENTS = YES;
				CLANG_WARN_EMPTY_BODY = YES;
				CLANG_WARN_ENUM_CONVERSION = YES;
				CLANG_WARN_INFINITE_RECURSION = YES;
				CLANG_WARN_INT_CONVERSION = YES;
				CLANG_WARN_NON_LITERAL_NULL_CONVERSION = YES;
				CLANG_WARN_OBJC_IMPLICIT_RETAIN_SELF = YES;
				CLANG_WARN_OBJC_LITERAL_CONVERSION = YES;
				CLANG_WARN_OBJC_ROOT_CLASS = YES_ERROR;
				CLANG_WARN_QUOTED_INCLUDE_IN_FRAMEWORK_HEADER = YES;
				CLANG_WARN_RANGE_LOOP_ANALYSIS = YES;
				CLANG_WARN_STRICT_PROTOTYPES = YES;
				CLANG_WARN_SUSPICIOUS_MOVE = YES;
				CLANG_WARN_UNGUARDED_AVAILABILITY = YES_AGGRESSIVE;
				CLANG_WARN_UNREACHABLE_CODE = YES;
				CLANG_WARN__DUPLICATE_METHOD_MATCH = YES;
				COPY_PHASE_STRIP = NO;
				DEBUG_INFORMATION_FORMAT = "dwarf-with-dsym";
				ENABLE_NS_ASSERTIONS = NO;
				ENABLE_STRICT_OBJC_MSGSEND = YES;
				GCC_C_LANGUAGE_STANDARD = gnu11;
				GCC_NO_COMMON_BLOCKS = YES;
				GCC_WARN_64_TO_32_BIT_CONVERSION = YES;
				GCC_WARN_ABOUT_RETURN_TYPE = YES_ERROR;
				GCC_WARN_UNDECLARED_SELECTOR = YES;
				GCC_WARN_UNINITIALIZED_AUTOS = YES_AGGRESSIVE;
				GCC_WARN_UNUSED_FUNCTION = YES;
				GCC_WARN_UNUSED_VARIABLE = YES;
				IPHONEOS_DEPLOYMENT_TARGET = 14.0;
				MTL_ENABLE_DEBUG_INFO = NO;
				MTL_FAST_MATH = YES;
				SDKROOT = iphoneos;
				SWIFT_COMPILATION_MODE = wholemodule;
				SWIFT_OPTIMIZATION_LEVEL = "-O";
				VALIDATE_PRODUCT = YES;
			};
			name = Release;
		};
		637003A9251E2058002F8C9E /* Debug */ = {
			isa = XCBuildConfiguration;
			buildSettings = {
				ASSETCATALOG_COMPILER_APPICON_NAME = AppIcon;
				ASSETCATALOG_COMPILER_GLOBAL_ACCENT_COLOR_NAME = AccentColor;
				CODE_SIGN_STYLE = Automatic;
				DEVELOPMENT_TEAM = P7DFWNNEL3;
				INFOPLIST_FILE = UserDefaults/Support/Info.plist;
				LD_RUNPATH_SEARCH_PATHS = (
					"$(inherited)",
					"@executable_path/Frameworks",
				);
				PRODUCT_BUNDLE_IDENTIFIER = io.github.chadarutherford.UserDefaults;
				PRODUCT_NAME = "$(TARGET_NAME)";
				SWIFT_VERSION = 5.0;
				TARGETED_DEVICE_FAMILY = "1,2";
			};
			name = Debug;
		};
		637003AA251E2058002F8C9E /* Release */ = {
			isa = XCBuildConfiguration;
			buildSettings = {
				ASSETCATALOG_COMPILER_APPICON_NAME = AppIcon;
				ASSETCATALOG_COMPILER_GLOBAL_ACCENT_COLOR_NAME = AccentColor;
				CODE_SIGN_STYLE = Automatic;
				DEVELOPMENT_TEAM = P7DFWNNEL3;
				INFOPLIST_FILE = UserDefaults/Support/Info.plist;
				LD_RUNPATH_SEARCH_PATHS = (
					"$(inherited)",
					"@executable_path/Frameworks",
				);
				PRODUCT_BUNDLE_IDENTIFIER = io.github.chadarutherford.UserDefaults;
				PRODUCT_NAME = "$(TARGET_NAME)";
				SWIFT_VERSION = 5.0;
				TARGETED_DEVICE_FAMILY = "1,2";
			};
			name = Release;
		};
		637003B8251E2065002F8C9E /* Debug */ = {
			isa = XCBuildConfiguration;
			buildSettings = {
				BUNDLE_LOADER = "$(TEST_HOST)";
				CLANG_ENABLE_MODULES = YES;
				CODE_SIGN_STYLE = Automatic;
				DEVELOPMENT_TEAM = P7DFWNNEL3;
				INFOPLIST_FILE = UserDefaultsTests/Info.plist;
				LD_RUNPATH_SEARCH_PATHS = (
					"$(inherited)",
					"@executable_path/Frameworks",
					"@loader_path/Frameworks",
				);
				PRODUCT_BUNDLE_IDENTIFIER = io.github.chadarutherford.UserDefaultsTests;
				PRODUCT_NAME = "$(TARGET_NAME)";
				SWIFT_OPTIMIZATION_LEVEL = "-Onone";
				SWIFT_VERSION = 5.0;
				TARGETED_DEVICE_FAMILY = "1,2";
				TEST_HOST = "$(BUILT_PRODUCTS_DIR)/UserDefaults.app/UserDefaults";
			};
			name = Debug;
		};
		637003B9251E2065002F8C9E /* Release */ = {
			isa = XCBuildConfiguration;
			buildSettings = {
				BUNDLE_LOADER = "$(TEST_HOST)";
				CLANG_ENABLE_MODULES = YES;
				CODE_SIGN_STYLE = Automatic;
				DEVELOPMENT_TEAM = P7DFWNNEL3;
				INFOPLIST_FILE = UserDefaultsTests/Info.plist;
				LD_RUNPATH_SEARCH_PATHS = (
					"$(inherited)",
					"@executable_path/Frameworks",
					"@loader_path/Frameworks",
				);
				PRODUCT_BUNDLE_IDENTIFIER = io.github.chadarutherford.UserDefaultsTests;
				PRODUCT_NAME = "$(TARGET_NAME)";
				SWIFT_VERSION = 5.0;
				TARGETED_DEVICE_FAMILY = "1,2";
				TEST_HOST = "$(BUILT_PRODUCTS_DIR)/UserDefaults.app/UserDefaults";
			};
			name = Release;
		};
/* End XCBuildConfiguration section */

/* Begin XCConfigurationList section */
		6370038F251E2058002F8C9E /* Build configuration list for PBXProject "UserDefaults" */ = {
			isa = XCConfigurationList;
			buildConfigurations = (
				637003A6251E2058002F8C9E /* Debug */,
				637003A7251E2058002F8C9E /* Release */,
			);
			defaultConfigurationIsVisible = 0;
			defaultConfigurationName = Release;
		};
		637003A8251E2058002F8C9E /* Build configuration list for PBXNativeTarget "UserDefaults" */ = {
			isa = XCConfigurationList;
			buildConfigurations = (
				637003A9251E2058002F8C9E /* Debug */,
				637003AA251E2058002F8C9E /* Release */,
			);
			defaultConfigurationIsVisible = 0;
			defaultConfigurationName = Release;
		};
		637003B7251E2065002F8C9E /* Build configuration list for PBXNativeTarget "UserDefaultsTests" */ = {
			isa = XCConfigurationList;
			buildConfigurations = (
				637003B8251E2065002F8C9E /* Debug */,
				637003B9251E2065002F8C9E /* Release */,
			);
			defaultConfigurationIsVisible = 0;
			defaultConfigurationName = Release;
		};
/* End XCConfigurationList section */
	};
	rootObject = 6370038C251E2058002F8C9E /* Project object */;
}
