// !$*UTF8*$!
{
	archiveVersion = 1;
	classes = {
	};
	objectVersion = 50;
	objects = {

/* Begin PBXBuildFile section */
		6317BAB8251D3D3900C68FEF /* AppDelegate.swift in Sources */ = {isa = PBXBuildFile; fileRef = 6317BAB7251D3D3900C68FEF /* AppDelegate.swift */; };
		6317BABA251D3D3900C68FEF /* SceneDelegate.swift in Sources */ = {isa = PBXBuildFile; fileRef = 6317BAB9251D3D3900C68FEF /* SceneDelegate.swift */; };
		6317BABC251D3D3900C68FEF /* ViewController.swift in Sources */ = {isa = PBXBuildFile; fileRef = 6317BABB251D3D3900C68FEF /* ViewController.swift */; };
		6317BABF251D3D3900C68FEF /* Main.storyboard in Resources */ = {isa = PBXBuildFile; fileRef = 6317BABD251D3D3900C68FEF /* Main.storyboard */; };
		6317BAC1251D3D3A00C68FEF /* Assets.xcassets in Resources */ = {isa = PBXBuildFile; fileRef = 6317BAC0251D3D3A00C68FEF /* Assets.xcassets */; };
		6317BAC4251D3D3A00C68FEF /* LaunchScreen.storyboard in Resources */ = {isa = PBXBuildFile; fileRef = 6317BAC2251D3D3A00C68FEF /* LaunchScreen.storyboard */; };
		6317BAFC251D476700C68FEF /* ViewControllerTests.swift in Sources */ = {isa = PBXBuildFile; fileRef = 6317BAFB251D476700C68FEF /* ViewControllerTests.swift */; };
/* End PBXBuildFile section */

/* Begin PBXContainerItemProxy section */
		6317BACB251D3D3A00C68FEF /* PBXContainerItemProxy */ = {
			isa = PBXContainerItemProxy;
			containerPortal = 6317BAAC251D3D3900C68FEF /* Project object */;
			proxyType = 1;
			remoteGlobalIDString = 6317BAB3251D3D3900C68FEF;
			remoteInfo = ButtonTap;
		};
/* End PBXContainerItemProxy section */

/* Begin PBXFileReference section */
		6317BAB4251D3D3900C68FEF /* ButtonTap.app */ = {isa = PBXFileReference; explicitFileType = wrapper.application; includeInIndex = 0; path = ButtonTap.app; sourceTree = BUILT_PRODUCTS_DIR; };
		6317BAB7251D3D3900C68FEF /* AppDelegate.swift */ = {isa = PBXFileReference; lastKnownFileType = sourcecode.swift; path = AppDelegate.swift; sourceTree = "<group>"; };
		6317BAB9251D3D3900C68FEF /* SceneDelegate.swift */ = {isa = PBXFileReference; lastKnownFileType = sourcecode.swift; path = SceneDelegate.swift; sourceTree = "<group>"; };
		6317BABB251D3D3900C68FEF /* ViewController.swift */ = {isa = PBXFileReference; lastKnownFileType = sourcecode.swift; path = ViewController.swift; sourceTree = "<group>"; };
		6317BABE251D3D3900C68FEF /* Base */ = {isa = PBXFileReference; lastKnownFileType = file.storyboard; name = Base; path = Base.lproj/Main.storyboard; sourceTree = "<group>"; };
		6317BAC0251D3D3A00C68FEF /* Assets.xcassets */ = {isa = PBXFileReference; lastKnownFileType = folder.assetcatalog; path = Assets.xcassets; sourceTree = "<group>"; };
		6317BAC3251D3D3A00C68FEF /* Base */ = {isa = PBXFileReference; lastKnownFileType = file.storyboard; name = Base; path = Base.lproj/LaunchScreen.storyboard; sourceTree = "<group>"; };
		6317BAC5251D3D3A00C68FEF /* Info.plist */ = {isa = PBXFileReference; lastKnownFileType = text.plist.xml; path = Info.plist; sourceTree = "<group>"; };
		6317BACA251D3D3A00C68FEF /* ButtonTapTests.xctest */ = {isa = PBXFileReference; explicitFileType = wrapper.cfbundle; includeInIndex = 0; path = ButtonTapTests.xctest; sourceTree = BUILT_PRODUCTS_DIR; };
		6317BAD0251D3D3A00C68FEF /* Info.plist */ = {isa = PBXFileReference; lastKnownFileType = text.plist.xml; path = Info.plist; sourceTree = "<group>"; };
		6317BAFB251D476700C68FEF /* ViewControllerTests.swift */ = {isa = PBXFileReference; lastKnownFileType = sourcecode.swift; path = ViewControllerTests.swift; sourceTree = "<group>"; };
/* End PBXFileReference section */

/* Begin PBXFrameworksBuildPhase section */
		6317BAB1251D3D3900C68FEF /* Frameworks */ = {
			isa = PBXFrameworksBuildPhase;
			buildActionMask = 2147483647;
			files = (
			);
			runOnlyForDeploymentPostprocessing = 0;
		};
		6317BAC7251D3D3A00C68FEF /* Frameworks */ = {
			isa = PBXFrameworksBuildPhase;
			buildActionMask = 2147483647;
			files = (
			);
			runOnlyForDeploymentPostprocessing = 0;
		};
/* End PBXFrameworksBuildPhase section */

/* Begin PBXGroup section */
		6317BAAB251D3D3900C68FEF = {
			isa = PBXGroup;
			children = (
				6317BAB6251D3D3900C68FEF /* ButtonTap */,
				6317BACD251D3D3A00C68FEF /* ButtonTapTests */,
				6317BAB5251D3D3900C68FEF /* Products */,
			);
			sourceTree = "<group>";
		};
		6317BAB5251D3D3900C68FEF /* Products */ = {
			isa = PBXGroup;
			children = (
				6317BAB4251D3D3900C68FEF /* ButtonTap.app */,
				6317BACA251D3D3A00C68FEF /* ButtonTapTests.xctest */,
			);
			name = Products;
			sourceTree = "<group>";
		};
		6317BAB6251D3D3900C68FEF /* ButtonTap */ = {
			isa = PBXGroup;
			children = (
				6317BAF0251D3D6B00C68FEF /* View */,
				6317BAEF251D3D5A00C68FEF /* Controller */,
				6317BAEA251D3D4300C68FEF /* Support */,
			);
			path = ButtonTap;
			sourceTree = "<group>";
		};
		6317BACD251D3D3A00C68FEF /* ButtonTapTests */ = {
			isa = PBXGroup;
			children = (
				6317BAD0251D3D3A00C68FEF /* Info.plist */,
				6317BAFB251D476700C68FEF /* ViewControllerTests.swift */,
			);
			path = ButtonTapTests;
			sourceTree = "<group>";
		};
		6317BAEA251D3D4300C68FEF /* Support */ = {
			isa = PBXGroup;
			children = (
				6317BAEE251D3D4E00C68FEF /* App Lifecycle */,
				6317BAC0251D3D3A00C68FEF /* Assets.xcassets */,
				6317BAC5251D3D3A00C68FEF /* Info.plist */,
			);
			path = Support;
			sourceTree = "<group>";
		};
		6317BAEE251D3D4E00C68FEF /* App Lifecycle */ = {
			isa = PBXGroup;
			children = (
				6317BAB7251D3D3900C68FEF /* AppDelegate.swift */,
				6317BAB9251D3D3900C68FEF /* SceneDelegate.swift */,
			);
			path = "App Lifecycle";
			sourceTree = "<group>";
		};
		6317BAEF251D3D5A00C68FEF /* Controller */ = {
			isa = PBXGroup;
			children = (
				6317BABB251D3D3900C68FEF /* ViewController.swift */,
			);
			path = Controller;
			sourceTree = "<group>";
		};
		6317BAF0251D3D6B00C68FEF /* View */ = {
			isa = PBXGroup;
			children = (
				6317BAF1251D3D7000C68FEF /* Storyboards */,
			);
			path = View;
			sourceTree = "<group>";
		};
		6317BAF1251D3D7000C68FEF /* Storyboards */ = {
			isa = PBXGroup;
			children = (
				6317BABD251D3D3900C68FEF /* Main.storyboard */,
				6317BAC2251D3D3A00C68FEF /* LaunchScreen.storyboard */,
			);
			path = Storyboards;
			sourceTree = "<group>";
		};
/* End PBXGroup section */

/* Begin PBXNativeTarget section */
		6317BAB3251D3D3900C68FEF /* ButtonTap */ = {
			isa = PBXNativeTarget;
			buildConfigurationList = 6317BADE251D3D3A00C68FEF /* Build configuration list for PBXNativeTarget "ButtonTap" */;
			buildPhases = (
				6317BAB0251D3D3900C68FEF /* Sources */,
				6317BAB1251D3D3900C68FEF /* Frameworks */,
				6317BAB2251D3D3900C68FEF /* Resources */,
			);
			buildRules = (
			);
			dependencies = (
			);
			name = ButtonTap;
			productName = ButtonTap;
			productReference = 6317BAB4251D3D3900C68FEF /* ButtonTap.app */;
			productType = "com.apple.product-type.application";
		};
		6317BAC9251D3D3A00C68FEF /* ButtonTapTests */ = {
			isa = PBXNativeTarget;
			buildConfigurationList = 6317BAE1251D3D3A00C68FEF /* Build configuration list for PBXNativeTarget "ButtonTapTests" */;
			buildPhases = (
				6317BAC6251D3D3A00C68FEF /* Sources */,
				6317BAC7251D3D3A00C68FEF /* Frameworks */,
				6317BAC8251D3D3A00C68FEF /* Resources */,
			);
			buildRules = (
			);
			dependencies = (
				6317BACC251D3D3A00C68FEF /* PBXTargetDependency */,
			);
			name = ButtonTapTests;
			productName = ButtonTapTests;
			productReference = 6317BACA251D3D3A00C68FEF /* ButtonTapTests.xctest */;
			productType = "com.apple.product-type.bundle.unit-test";
		};
/* End PBXNativeTarget section */

/* Begin PBXProject section */
		6317BAAC251D3D3900C68FEF /* Project object */ = {
			isa = PBXProject;
			attributes = {
				LastSwiftUpdateCheck = 1200;
				LastUpgradeCheck = 1200;
				TargetAttributes = {
					6317BAB3251D3D3900C68FEF = {
						CreatedOnToolsVersion = 12.0;
					};
					6317BAC9251D3D3A00C68FEF = {
						CreatedOnToolsVersion = 12.0;
						LastSwiftMigration = 1200;
						TestTargetID = 6317BAB3251D3D3900C68FEF;
					};
				};
			};
			buildConfigurationList = 6317BAAF251D3D3900C68FEF /* Build configuration list for PBXProject "ButtonTap" */;
			compatibilityVersion = "Xcode 9.3";
			developmentRegion = en;
			hasScannedForEncodings = 0;
			knownRegions = (
				en,
				Base,
			);
			mainGroup = 6317BAAB251D3D3900C68FEF;
			productRefGroup = 6317BAB5251D3D3900C68FEF /* Products */;
			projectDirPath = "";
			projectRoot = "";
			targets = (
				6317BAB3251D3D3900C68FEF /* ButtonTap */,
				6317BAC9251D3D3A00C68FEF /* ButtonTapTests */,
			);
		};
/* End PBXProject section */

/* Begin PBXResourcesBuildPhase section */
		6317BAB2251D3D3900C68FEF /* Resources */ = {
			isa = PBXResourcesBuildPhase;
			buildActionMask = 2147483647;
			files = (
				6317BAC4251D3D3A00C68FEF /* LaunchScreen.storyboard in Resources */,
				6317BAC1251D3D3A00C68FEF /* Assets.xcassets in Resources */,
				6317BABF251D3D3900C68FEF /* Main.storyboard in Resources */,
			);
			runOnlyForDeploymentPostprocessing = 0;
		};
		6317BAC8251D3D3A00C68FEF /* Resources */ = {
			isa = PBXResourcesBuildPhase;
			buildActionMask = 2147483647;
			files = (
			);
			runOnlyForDeploymentPostprocessing = 0;
		};
/* End PBXResourcesBuildPhase section */

/* Begin PBXSourcesBuildPhase section */
		6317BAB0251D3D3900C68FEF /* Sources */ = {
			isa = PBXSourcesBuildPhase;
			buildActionMask = 2147483647;
			files = (
				6317BABC251D3D3900C68FEF /* ViewController.swift in Sources */,
				6317BAB8251D3D3900C68FEF /* AppDelegate.swift in Sources */,
				6317BABA251D3D3900C68FEF /* SceneDelegate.swift in Sources */,
			);
			runOnlyForDeploymentPostprocessing = 0;
		};
		6317BAC6251D3D3A00C68FEF /* Sources */ = {
			isa = PBXSourcesBuildPhase;
			buildActionMask = 2147483647;
			files = (
				6317BAFC251D476700C68FEF /* ViewControllerTests.swift in Sources */,
			);
			runOnlyForDeploymentPostprocessing = 0;
		};
/* End PBXSourcesBuildPhase section */

/* Begin PBXTargetDependency section */
		6317BACC251D3D3A00C68FEF /* PBXTargetDependency */ = {
			isa = PBXTargetDependency;
			target = 6317BAB3251D3D3900C68FEF /* ButtonTap */;
			targetProxy = 6317BACB251D3D3A00C68FEF /* PBXContainerItemProxy */;
		};
/* End PBXTargetDependency section */

/* Begin PBXVariantGroup section */
		6317BABD251D3D3900C68FEF /* Main.storyboard */ = {
			isa = PBXVariantGroup;
			children = (
				6317BABE251D3D3900C68FEF /* Base */,
			);
			name = Main.storyboard;
			sourceTree = "<group>";
		};
		6317BAC2251D3D3A00C68FEF /* LaunchScreen.storyboard */ = {
			isa = PBXVariantGroup;
			children = (
				6317BAC3251D3D3A00C68FEF /* Base */,
			);
			name = LaunchScreen.storyboard;
			sourceTree = "<group>";
		};
/* End PBXVariantGroup section */

/* Begin XCBuildConfiguration section */
		6317BADC251D3D3A00C68FEF /* Debug */ = {
			isa = XCBuildConfiguration;
			buildSettings = {
				ALWAYS_SEARCH_USER_PATHS = NO;
				CLANG_ANALYZER_NONNULL = YES;
				CLANG_ANALYZER_NUMBER_OBJECT_CONVERSION = YES_AGGRESSIVE;
				CLANG_CXX_LANGUAGE_STANDARD = "gnu++14";
				CLANG_CXX_LIBRARY = "libc++";
				CLANG_ENABLE_MODULES = YES;
				CLANG_ENABLE_OBJC_ARC = YES;
				CLANG_ENABLE_OBJC_WEAK = YES;
				CLANG_WARN_BLOCK_CAPTURE_AUTORELEASING = YES;
				CLANG_WARN_BOOL_CONVERSION = YES;
				CLANG_WARN_COMMA = YES;
				CLANG_WARN_CONSTANT_CONVERSION = YES;
				CLANG_WARN_DEPRECATED_OBJC_IMPLEMENTATIONS = YES;
				CLANG_WARN_DIRECT_OBJC_ISA_USAGE = YES_ERROR;
				CLANG_WARN_DOCUMENTATION_COMMENTS = YES;
				CLANG_WARN_EMPTY_BODY = YES;
				CLANG_WARN_ENUM_CONVERSION = YES;
				CLANG_WARN_INFINITE_RECURSION = YES;
				CLANG_WARN_INT_CONVERSION = YES;
				CLANG_WARN_NON_LITERAL_NULL_CONVERSION = YES;
				CLANG_WARN_OBJC_IMPLICIT_RETAIN_SELF = YES;
				CLANG_WARN_OBJC_LITERAL_CONVERSION = YES;
				CLANG_WARN_OBJC_ROOT_CLASS = YES_ERROR;
				CLANG_WARN_QUOTED_INCLUDE_IN_FRAMEWORK_HEADER = YES;
				CLANG_WARN_RANGE_LOOP_ANALYSIS = YES;
				CLANG_WARN_STRICT_PROTOTYPES = YES;
				CLANG_WARN_SUSPICIOUS_MOVE = YES;
				CLANG_WARN_UNGUARDED_AVAILABILITY = YES_AGGRESSIVE;
				CLANG_WARN_UNREACHABLE_CODE = YES;
				CLANG_WARN__DUPLICATE_METHOD_MATCH = YES;
				COPY_PHASE_STRIP = NO;
				DEBUG_INFORMATION_FORMAT = dwarf;
				ENABLE_STRICT_OBJC_MSGSEND = YES;
				ENABLE_TESTABILITY = YES;
				GCC_C_LANGUAGE_STANDARD = gnu11;
				GCC_DYNAMIC_NO_PIC = NO;
				GCC_NO_COMMON_BLOCKS = YES;
				GCC_OPTIMIZATION_LEVEL = 0;
				GCC_PREPROCESSOR_DEFINITIONS = (
					"DEBUG=1",
					"$(inherited)",
				);
				GCC_WARN_64_TO_32_BIT_CONVERSION = YES;
				GCC_WARN_ABOUT_RETURN_TYPE = YES_ERROR;
				GCC_WARN_UNDECLARED_SELECTOR = YES;
				GCC_WARN_UNINITIALIZED_AUTOS = YES_AGGRESSIVE;
				GCC_WARN_UNUSED_FUNCTION = YES;
				GCC_WARN_UNUSED_VARIABLE = YES;
				IPHONEOS_DEPLOYMENT_TARGET = 14.0;
				MTL_ENABLE_DEBUG_INFO = INCLUDE_SOURCE;
				MTL_FAST_MATH = YES;
				ONLY_ACTIVE_ARCH = YES;
				SDKROOT = iphoneos;
				SWIFT_ACTIVE_COMPILATION_CONDITIONS = DEBUG;
				SWIFT_OPTIMIZATION_LEVEL = "-Onone";
			};
			name = Debug;
		};
		6317BADD251D3D3A00C68FEF /* Release */ = {
			isa = XCBuildConfiguration;
			buildSettings = {
				ALWAYS_SEARCH_USER_PATHS = NO;
				CLANG_ANALYZER_NONNULL = YES;
				CLANG_ANALYZER_NUMBER_OBJECT_CONVERSION = YES_AGGRESSIVE;
				CLANG_CXX_LANGUAGE_STANDARD = "gnu++14";
				CLANG_CXX_LIBRARY = "libc++";
				CLANG_ENABLE_MODULES = YES;
				CLANG_ENABLE_OBJC_ARC = YES;
				CLANG_ENABLE_OBJC_WEAK = YES;
				CLANG_WARN_BLOCK_CAPTURE_AUTORELEASING = YES;
				CLANG_WARN_BOOL_CONVERSION = YES;
				CLANG_WARN_COMMA = YES;
				CLANG_WARN_CONSTANT_CONVERSION = YES;
				CLANG_WARN_DEPRECATED_OBJC_IMPLEMENTATIONS = YES;
				CLANG_WARN_DIRECT_OBJC_ISA_USAGE = YES_ERROR;
				CLANG_WARN_DOCUMENTATION_COMMENTS = YES;
				CLANG_WARN_EMPTY_BODY = YES;
				CLANG_WARN_ENUM_CONVERSION = YES;
				CLANG_WARN_INFINITE_RECURSION = YES;
				CLANG_WARN_INT_CONVERSION = YES;
				CLANG_WARN_NON_LITERAL_NULL_CONVERSION = YES;
				CLANG_WARN_OBJC_IMPLICIT_RETAIN_SELF = YES;
				CLANG_WARN_OBJC_LITERAL_CONVERSION = YES;
				CLANG_WARN_OBJC_ROOT_CLASS = YES_ERROR;
				CLANG_WARN_QUOTED_INCLUDE_IN_FRAMEWORK_HEADER = YES;
				CLANG_WARN_RANGE_LOOP_ANALYSIS = YES;
				CLANG_WARN_STRICT_PROTOTYPES = YES;
				CLANG_WARN_SUSPICIOUS_MOVE = YES;
				CLANG_WARN_UNGUARDED_AVAILABILITY = YES_AGGRESSIVE;
				CLANG_WARN_UNREACHABLE_CODE = YES;
				CLANG_WARN__DUPLICATE_METHOD_MATCH = YES;
				COPY_PHASE_STRIP = NO;
				DEBUG_INFORMATION_FORMAT = "dwarf-with-dsym";
				ENABLE_NS_ASSERTIONS = NO;
				ENABLE_STRICT_OBJC_MSGSEND = YES;
				GCC_C_LANGUAGE_STANDARD = gnu11;
				GCC_NO_COMMON_BLOCKS = YES;
				GCC_WARN_64_TO_32_BIT_CONVERSION = YES;
				GCC_WARN_ABOUT_RETURN_TYPE = YES_ERROR;
				GCC_WARN_UNDECLARED_SELECTOR = YES;
				GCC_WARN_UNINITIALIZED_AUTOS = YES_AGGRESSIVE;
				GCC_WARN_UNUSED_FUNCTION = YES;
				GCC_WARN_UNUSED_VARIABLE = YES;
				IPHONEOS_DEPLOYMENT_TARGET = 14.0;
				MTL_ENABLE_DEBUG_INFO = NO;
				MTL_FAST_MATH = YES;
				SDKROOT = iphoneos;
				SWIFT_COMPILATION_MODE = wholemodule;
				SWIFT_OPTIMIZATION_LEVEL = "-O";
				VALIDATE_PRODUCT = YES;
			};
			name = Release;
		};
		6317BADF251D3D3A00C68FEF /* Debug */ = {
			isa = XCBuildConfiguration;
			buildSettings = {
				ASSETCATALOG_COMPILER_APPICON_NAME = AppIcon;
				ASSETCATALOG_COMPILER_GLOBAL_ACCENT_COLOR_NAME = AccentColor;
				CODE_SIGN_STYLE = Automatic;
				DEVELOPMENT_TEAM = P7DFWNNEL3;
				INFOPLIST_FILE = ButtonTap/Support/Info.plist;
				LD_RUNPATH_SEARCH_PATHS = (
					"$(inherited)",
					"@executable_path/Frameworks",
				);
				PRODUCT_BUNDLE_IDENTIFIER = io.github.chadarutherford.ButtonTap;
				PRODUCT_NAME = "$(TARGET_NAME)";
				SWIFT_VERSION = 5.0;
				TARGETED_DEVICE_FAMILY = "1,2";
			};
			name = Debug;
		};
		6317BAE0251D3D3A00C68FEF /* Release */ = {
			isa = XCBuildConfiguration;
			buildSettings = {
				ASSETCATALOG_COMPILER_APPICON_NAME = AppIcon;
				ASSETCATALOG_COMPILER_GLOBAL_ACCENT_COLOR_NAME = AccentColor;
				CODE_SIGN_STYLE = Automatic;
				DEVELOPMENT_TEAM = P7DFWNNEL3;
				INFOPLIST_FILE = ButtonTap/Support/Info.plist;
				LD_RUNPATH_SEARCH_PATHS = (
					"$(inherited)",
					"@executable_path/Frameworks",
				);
				PRODUCT_BUNDLE_IDENTIFIER = io.github.chadarutherford.ButtonTap;
				PRODUCT_NAME = "$(TARGET_NAME)";
				SWIFT_VERSION = 5.0;
				TARGETED_DEVICE_FAMILY = "1,2";
			};
			name = Release;
		};
		6317BAE2251D3D3A00C68FEF /* Debug */ = {
			isa = XCBuildConfiguration;
			buildSettings = {
				ALWAYS_EMBED_SWIFT_STANDARD_LIBRARIES = YES;
				BUNDLE_LOADER = "$(TEST_HOST)";
				CLANG_ENABLE_MODULES = YES;
				CODE_SIGN_STYLE = Automatic;
				DEVELOPMENT_TEAM = P7DFWNNEL3;
				INFOPLIST_FILE = ButtonTapTests/Info.plist;
				IPHONEOS_DEPLOYMENT_TARGET = 14.0;
				LD_RUNPATH_SEARCH_PATHS = (
					"$(inherited)",
					"@executable_path/Frameworks",
					"@loader_path/Frameworks",
				);
				PRODUCT_BUNDLE_IDENTIFIER = io.github.chadarutherford.ButtonTapTests;
				PRODUCT_NAME = "$(TARGET_NAME)";
				SWIFT_OPTIMIZATION_LEVEL = "-Onone";
				SWIFT_VERSION = 5.0;
				TARGETED_DEVICE_FAMILY = "1,2";
				TEST_HOST = "$(BUILT_PRODUCTS_DIR)/ButtonTap.app/ButtonTap";
			};
			name = Debug;
		};
		6317BAE3251D3D3A00C68FEF /* Release */ = {
			isa = XCBuildConfiguration;
			buildSettings = {
				ALWAYS_EMBED_SWIFT_STANDARD_LIBRARIES = YES;
				BUNDLE_LOADER = "$(TEST_HOST)";
				CLANG_ENABLE_MODULES = YES;
				CODE_SIGN_STYLE = Automatic;
				DEVELOPMENT_TEAM = P7DFWNNEL3;
				INFOPLIST_FILE = ButtonTapTests/Info.plist;
				IPHONEOS_DEPLOYMENT_TARGET = 14.0;
				LD_RUNPATH_SEARCH_PATHS = (
					"$(inherited)",
					"@executable_path/Frameworks",
					"@loader_path/Frameworks",
				);
				PRODUCT_BUNDLE_IDENTIFIER = io.github.chadarutherford.ButtonTapTests;
				PRODUCT_NAME = "$(TARGET_NAME)";
				SWIFT_VERSION = 5.0;
				TARGETED_DEVICE_FAMILY = "1,2";
				TEST_HOST = "$(BUILT_PRODUCTS_DIR)/ButtonTap.app/ButtonTap";
			};
			name = Release;
		};
/* End XCBuildConfiguration section */

/* Begin XCConfigurationList section */
		6317BAAF251D3D3900C68FEF /* Build configuration list for PBXProject "ButtonTap" */ = {
			isa = XCConfigurationList;
			buildConfigurations = (
				6317BADC251D3D3A00C68FEF /* Debug */,
				6317BADD251D3D3A00C68FEF /* Release */,
			);
			defaultConfigurationIsVisible = 0;
			defaultConfigurationName = Release;
		};
		6317BADE251D3D3A00C68FEF /* Build configuration list for PBXNativeTarget "ButtonTap" */ = {
			isa = XCConfigurationList;
			buildConfigurations = (
				6317BADF251D3D3A00C68FEF /* Debug */,
				6317BAE0251D3D3A00C68FEF /* Release */,
			);
			defaultConfigurationIsVisible = 0;
			defaultConfigurationName = Release;
		};
		6317BAE1251D3D3A00C68FEF /* Build configuration list for PBXNativeTarget "ButtonTapTests" */ = {
			isa = XCConfigurationList;
			buildConfigurations = (
				6317BAE2251D3D3A00C68FEF /* Debug */,
				6317BAE3251D3D3A00C68FEF /* Release */,
			);
			defaultConfigurationIsVisible = 0;
			defaultConfigurationName = Release;
		};
/* End XCConfigurationList section */
	};
	rootObject = 6317BAAC251D3D3900C68FEF /* Project object */;
}
